// !$*UTF8*$!
{
	archiveVersion = 1;
	classes = {
	};
	objectVersion = 46;
	objects = {

/* Begin PBXBuildFile section */
		8A1E7F73190EFF400066CCFF /* dotRedFont.fnt in Resources */ = {isa = PBXBuildFile; fileRef = 8A1E7F71190EFF400066CCFF /* dotRedFont.fnt */; };
		8A1E7F74190EFF400066CCFF /* dotRedFont.png in Resources */ = {isa = PBXBuildFile; fileRef = 8A1E7F72190EFF400066CCFF /* dotRedFont.png */; };
		8A733AC01929733D00578D7F /* dotImages2.png in Resources */ = {isa = PBXBuildFile; fileRef = 8A733ABF1929733D00578D7F /* dotImages2.png */; };
		8A733AC41929835F00578D7F /* dotMarshmellow.model in Resources */ = {isa = PBXBuildFile; fileRef = 8A733AC31929835F00578D7F /* dotMarshmellow.model */; };
		8AFB261A190D94050022F6D9 /* Foundation.framework in Frameworks */ = {isa = PBXBuildFile; fileRef = 8AFB2619190D94050022F6D9 /* Foundation.framework */; };
		8AFB261C190D94050022F6D9 /* CoreGraphics.framework in Frameworks */ = {isa = PBXBuildFile; fileRef = 8AFB261B190D94050022F6D9 /* CoreGraphics.framework */; };
		8AFB261E190D94050022F6D9 /* UIKit.framework in Frameworks */ = {isa = PBXBuildFile; fileRef = 8AFB261D190D94050022F6D9 /* UIKit.framework */; };
		8AFB2624190D94050022F6D9 /* InfoPlist.strings in Resources */ = {isa = PBXBuildFile; fileRef = 8AFB2622190D94050022F6D9 /* InfoPlist.strings */; };
		8AFB2626190D94050022F6D9 /* main.m in Sources */ = {isa = PBXBuildFile; fileRef = 8AFB2625190D94050022F6D9 /* main.m */; };
		8AFB262A190D94050022F6D9 /* RZGDevAppDelegate.m in Sources */ = {isa = PBXBuildFile; fileRef = 8AFB2629190D94050022F6D9 /* RZGDevAppDelegate.m */; };
		8AFB262C190D94050022F6D9 /* Images.xcassets in Resources */ = {isa = PBXBuildFile; fileRef = 8AFB262B190D94050022F6D9 /* Images.xcassets */; };
		8AFB2633190D94050022F6D9 /* XCTest.framework in Frameworks */ = {isa = PBXBuildFile; fileRef = 8AFB2632190D94050022F6D9 /* XCTest.framework */; };
		8AFB2634190D94050022F6D9 /* Foundation.framework in Frameworks */ = {isa = PBXBuildFile; fileRef = 8AFB2619190D94050022F6D9 /* Foundation.framework */; };
		8AFB2635190D94050022F6D9 /* UIKit.framework in Frameworks */ = {isa = PBXBuildFile; fileRef = 8AFB261D190D94050022F6D9 /* UIKit.framework */; };
		8AFB263D190D94050022F6D9 /* InfoPlist.strings in Resources */ = {isa = PBXBuildFile; fileRef = 8AFB263B190D94050022F6D9 /* InfoPlist.strings */; };
		8AFB263F190D94050022F6D9 /* RZGDevDrinksOnTapTests.m in Sources */ = {isa = PBXBuildFile; fileRef = 8AFB263E190D94050022F6D9 /* RZGDevDrinksOnTapTests.m */; };
		8AFB2681190D94570022F6D9 /* RZGBMFontCharData.m in Sources */ = {isa = PBXBuildFile; fileRef = 8AFB264B190D94570022F6D9 /* RZGBMFontCharData.m */; };
		8AFB2682190D94570022F6D9 /* RZGBMFontData.m in Sources */ = {isa = PBXBuildFile; fileRef = 8AFB264D190D94570022F6D9 /* RZGBMFontData.m */; };
		8AFB2683190D94570022F6D9 /* RZGBMFontModel.m in Sources */ = {isa = PBXBuildFile; fileRef = 8AFB2652190D94570022F6D9 /* RZGBMFontModel.m */; };
		8AFB2684190D94570022F6D9 /* RZGBitmapFont.fsh in Resources */ = {isa = PBXBuildFile; fileRef = 8AFB2654190D94570022F6D9 /* RZGBitmapFont.fsh */; };
		8AFB2685190D94570022F6D9 /* RZGBitmapFont.vsh in Resources */ = {isa = PBXBuildFile; fileRef = 8AFB2655190D94570022F6D9 /* RZGBitmapFont.vsh */; };
		8AFB2686190D94570022F6D9 /* RZGBitmapFontShaderSettings.m in Sources */ = {isa = PBXBuildFile; fileRef = 8AFB2657190D94570022F6D9 /* RZGBitmapFontShaderSettings.m */; };
		8AFB2687190D94570022F6D9 /* RZGAssetManager.m in Sources */ = {isa = PBXBuildFile; fileRef = 8AFB265B190D94570022F6D9 /* RZGAssetManager.m */; };
		8AFB2688190D94570022F6D9 /* RZGModelData.c in Sources */ = {isa = PBXBuildFile; fileRef = 8AFB265C190D94570022F6D9 /* RZGModelData.c */; };
		8AFB2689190D94570022F6D9 /* RZGVaoInfo.m in Sources */ = {isa = PBXBuildFile; fileRef = 8AFB265F190D94570022F6D9 /* RZGVaoInfo.m */; };
		8AFB268A190D94570022F6D9 /* RZGCommand.m in Sources */ = {isa = PBXBuildFile; fileRef = 8AFB2662190D94570022F6D9 /* RZGCommand.m */; };
		8AFB268B190D94570022F6D9 /* RZGCommandPath.m in Sources */ = {isa = PBXBuildFile; fileRef = 8AFB2664190D94570022F6D9 /* RZGCommandPath.m */; };
		8AFB268C190D94570022F6D9 /* RZGModel.m in Sources */ = {isa = PBXBuildFile; fileRef = 8AFB2669190D94570022F6D9 /* RZGModel.m */; };
		8AFB268D190D94570022F6D9 /* RZGModelController.m in Sources */ = {isa = PBXBuildFile; fileRef = 8AFB266B190D94570022F6D9 /* RZGModelController.m */; };
		8AFB268E190D94570022F6D9 /* RZGOpenGLManager.m in Sources */ = {isa = PBXBuildFile; fileRef = 8AFB266E190D94570022F6D9 /* RZGOpenGLManager.m */; };
		8AFB268F190D94570022F6D9 /* RZGPrs.m in Sources */ = {isa = PBXBuildFile; fileRef = 8AFB2670190D94570022F6D9 /* RZGPrs.m */; };
		8AFB2690190D94570022F6D9 /* RZGDefaultShaderSettings.m in Sources */ = {isa = PBXBuildFile; fileRef = 8AFB2673190D94570022F6D9 /* RZGDefaultShaderSettings.m */; };
		8AFB2691190D94570022F6D9 /* RZGShaderManager.m in Sources */ = {isa = PBXBuildFile; fileRef = 8AFB2675190D94570022F6D9 /* RZGShaderManager.m */; };
		8AFB2692190D94570022F6D9 /* RZGDefaultShader.fsh in Resources */ = {isa = PBXBuildFile; fileRef = 8AFB2677190D94570022F6D9 /* RZGDefaultShader.fsh */; };
		8AFB2693190D94570022F6D9 /* RZGDefaultShader.vsh in Resources */ = {isa = PBXBuildFile; fileRef = 8AFB2678190D94570022F6D9 /* RZGDefaultShader.vsh */; };
		8AFB2694190D94570022F6D9 /* RZGMathUtils.m in Sources */ = {isa = PBXBuildFile; fileRef = 8AFB267B190D94570022F6D9 /* RZGMathUtils.m */; };
		8AFB2695190D94570022F6D9 /* RZGScreenToGLConverter.m in Sources */ = {isa = PBXBuildFile; fileRef = 8AFB267D190D94570022F6D9 /* RZGScreenToGLConverter.m */; };
		8AFB2696190D94570022F6D9 /* RZGViewController.m in Sources */ = {isa = PBXBuildFile; fileRef = 8AFB2680190D94570022F6D9 /* RZGViewController.m */; };
		8AFB2699190D94740022F6D9 /* RZGDevDOTViewController.m in Sources */ = {isa = PBXBuildFile; fileRef = 8AFB2698190D94740022F6D9 /* RZGDevDOTViewController.m */; };
		8AFB26A3190D95410022F6D9 /* RZTwitterData.m in Sources */ = {isa = PBXBuildFile; fileRef = 8AFB26A2190D95410022F6D9 /* RZTwitterData.m */; };
		8AFB26A6190D95550022F6D9 /* RZTweetData.m in Sources */ = {isa = PBXBuildFile; fileRef = 8AFB26A5190D95550022F6D9 /* RZTweetData.m */; };
		8AFB26A8190D9C670022F6D9 /* Accounts.framework in Frameworks */ = {isa = PBXBuildFile; fileRef = 8AFB26A7190D9C670022F6D9 /* Accounts.framework */; };
		8AFB26AA190D9C6D0022F6D9 /* Social.framework in Frameworks */ = {isa = PBXBuildFile; fileRef = 8AFB26A9190D9C6D0022F6D9 /* Social.framework */; };
		8AFB26B1190DADFD0022F6D9 /* whiteHn.fnt in Resources */ = {isa = PBXBuildFile; fileRef = 8AFB26AF190DADFD0022F6D9 /* whiteHn.fnt */; };
		8AFB26B2190DADFD0022F6D9 /* whiteHn.png in Resources */ = {isa = PBXBuildFile; fileRef = 8AFB26B0190DADFD0022F6D9 /* whiteHn.png */; };
		8AFB26BB190DB3680022F6D9 /* OpenGLES.framework in Frameworks */ = {isa = PBXBuildFile; fileRef = 8AFB26BA190DB3680022F6D9 /* OpenGLES.framework */; };
		8AFB26C3190DC9130022F6D9 /* quad.model in Resources */ = {isa = PBXBuildFile; fileRef = 8AFB26B3190DAE730022F6D9 /* quad.model */; };
/* End PBXBuildFile section */

/* Begin PBXContainerItemProxy section */
		8AFB2636190D94050022F6D9 /* PBXContainerItemProxy */ = {
			isa = PBXContainerItemProxy;
			containerPortal = 8AFB260E190D94050022F6D9 /* Project object */;
			proxyType = 1;
			remoteGlobalIDString = 8AFB2615190D94050022F6D9;
			remoteInfo = RZGDevDrinksOnTap;
		};
/* End PBXContainerItemProxy section */

/* Begin PBXFileReference section */
		8A1E7F71190EFF400066CCFF /* dotRedFont.fnt */ = {isa = PBXFileReference; fileEncoding = 4; lastKnownFileType = text; path = dotRedFont.fnt; sourceTree = "<group>"; };
		8A1E7F72190EFF400066CCFF /* dotRedFont.png */ = {isa = PBXFileReference; lastKnownFileType = image.png; path = dotRedFont.png; sourceTree = "<group>"; };
		8A733ABF1929733D00578D7F /* dotImages2.png */ = {isa = PBXFileReference; lastKnownFileType = image.png; path = dotImages2.png; sourceTree = "<group>"; };
		8A733AC31929835F00578D7F /* dotMarshmellow.model */ = {isa = PBXFileReference; lastKnownFileType = file; path = dotMarshmellow.model; sourceTree = "<group>"; };
		8AFB2616190D94050022F6D9 /* RZGDevDrinksOnTap.app */ = {isa = PBXFileReference; explicitFileType = wrapper.application; includeInIndex = 0; path = RZGDevDrinksOnTap.app; sourceTree = BUILT_PRODUCTS_DIR; };
		8AFB2619190D94050022F6D9 /* Foundation.framework */ = {isa = PBXFileReference; lastKnownFileType = wrapper.framework; name = Foundation.framework; path = System/Library/Frameworks/Foundation.framework; sourceTree = SDKROOT; };
		8AFB261B190D94050022F6D9 /* CoreGraphics.framework */ = {isa = PBXFileReference; lastKnownFileType = wrapper.framework; name = CoreGraphics.framework; path = System/Library/Frameworks/CoreGraphics.framework; sourceTree = SDKROOT; };
		8AFB261D190D94050022F6D9 /* UIKit.framework */ = {isa = PBXFileReference; lastKnownFileType = wrapper.framework; name = UIKit.framework; path = System/Library/Frameworks/UIKit.framework; sourceTree = SDKROOT; };
		8AFB2621190D94050022F6D9 /* RZGDevDrinksOnTap-Info.plist */ = {isa = PBXFileReference; lastKnownFileType = text.plist.xml; path = "RZGDevDrinksOnTap-Info.plist"; sourceTree = "<group>"; };
		8AFB2623190D94050022F6D9 /* en */ = {isa = PBXFileReference; lastKnownFileType = text.plist.strings; name = en; path = en.lproj/InfoPlist.strings; sourceTree = "<group>"; };
		8AFB2625190D94050022F6D9 /* main.m */ = {isa = PBXFileReference; lastKnownFileType = sourcecode.c.objc; path = main.m; sourceTree = "<group>"; };
		8AFB2627190D94050022F6D9 /* RZGDevDrinksOnTap-Prefix.pch */ = {isa = PBXFileReference; lastKnownFileType = sourcecode.c.h; path = "RZGDevDrinksOnTap-Prefix.pch"; sourceTree = "<group>"; };
		8AFB2628190D94050022F6D9 /* RZGDevAppDelegate.h */ = {isa = PBXFileReference; lastKnownFileType = sourcecode.c.h; path = RZGDevAppDelegate.h; sourceTree = "<group>"; };
		8AFB2629190D94050022F6D9 /* RZGDevAppDelegate.m */ = {isa = PBXFileReference; lastKnownFileType = sourcecode.c.objc; path = RZGDevAppDelegate.m; sourceTree = "<group>"; };
		8AFB262B190D94050022F6D9 /* Images.xcassets */ = {isa = PBXFileReference; lastKnownFileType = folder.assetcatalog; path = Images.xcassets; sourceTree = "<group>"; };
		8AFB2631190D94050022F6D9 /* RZGDevDrinksOnTapTests.xctest */ = {isa = PBXFileReference; explicitFileType = wrapper.cfbundle; includeInIndex = 0; path = RZGDevDrinksOnTapTests.xctest; sourceTree = BUILT_PRODUCTS_DIR; };
		8AFB2632190D94050022F6D9 /* XCTest.framework */ = {isa = PBXFileReference; lastKnownFileType = wrapper.framework; name = XCTest.framework; path = Library/Frameworks/XCTest.framework; sourceTree = DEVELOPER_DIR; };
		8AFB263A190D94050022F6D9 /* RZGDevDrinksOnTapTests-Info.plist */ = {isa = PBXFileReference; lastKnownFileType = text.plist.xml; path = "RZGDevDrinksOnTapTests-Info.plist"; sourceTree = "<group>"; };
		8AFB263C190D94050022F6D9 /* en */ = {isa = PBXFileReference; lastKnownFileType = text.plist.strings; name = en; path = en.lproj/InfoPlist.strings; sourceTree = "<group>"; };
		8AFB263E190D94050022F6D9 /* RZGDevDrinksOnTapTests.m */ = {isa = PBXFileReference; lastKnownFileType = sourcecode.c.objc; path = RZGDevDrinksOnTapTests.m; sourceTree = "<group>"; };
		8AFB264A190D94570022F6D9 /* RZGBMFontCharData.h */ = {isa = PBXFileReference; fileEncoding = 4; lastKnownFileType = sourcecode.c.h; path = RZGBMFontCharData.h; sourceTree = "<group>"; };
		8AFB264B190D94570022F6D9 /* RZGBMFontCharData.m */ = {isa = PBXFileReference; fileEncoding = 4; lastKnownFileType = sourcecode.c.objc; path = RZGBMFontCharData.m; sourceTree = "<group>"; };
		8AFB264C190D94570022F6D9 /* RZGBMFontData.h */ = {isa = PBXFileReference; fileEncoding = 4; lastKnownFileType = sourcecode.c.h; path = RZGBMFontData.h; sourceTree = "<group>"; };
		8AFB264D190D94570022F6D9 /* RZGBMFontData.m */ = {isa = PBXFileReference; fileEncoding = 4; lastKnownFileType = sourcecode.c.objc; path = RZGBMFontData.m; sourceTree = "<group>"; };
		8AFB264F190D94570022F6D9 /* RZGBMFontHeaders.h */ = {isa = PBXFileReference; fileEncoding = 4; lastKnownFileType = sourcecode.c.h; path = RZGBMFontHeaders.h; sourceTree = "<group>"; };
		8AFB2651190D94570022F6D9 /* RZGBMFontModel.h */ = {isa = PBXFileReference; fileEncoding = 4; lastKnownFileType = sourcecode.c.h; path = RZGBMFontModel.h; sourceTree = "<group>"; };
		8AFB2652190D94570022F6D9 /* RZGBMFontModel.m */ = {isa = PBXFileReference; fileEncoding = 4; lastKnownFileType = sourcecode.c.objc; path = RZGBMFontModel.m; sourceTree = "<group>"; };
		8AFB2654190D94570022F6D9 /* RZGBitmapFont.fsh */ = {isa = PBXFileReference; fileEncoding = 4; lastKnownFileType = sourcecode.glsl; path = RZGBitmapFont.fsh; sourceTree = "<group>"; };
		8AFB2655190D94570022F6D9 /* RZGBitmapFont.vsh */ = {isa = PBXFileReference; fileEncoding = 4; lastKnownFileType = sourcecode.glsl; path = RZGBitmapFont.vsh; sourceTree = "<group>"; };
		8AFB2656190D94570022F6D9 /* RZGBitmapFontShaderSettings.h */ = {isa = PBXFileReference; fileEncoding = 4; lastKnownFileType = sourcecode.c.h; path = RZGBitmapFontShaderSettings.h; sourceTree = "<group>"; };
		8AFB2657190D94570022F6D9 /* RZGBitmapFontShaderSettings.m */ = {isa = PBXFileReference; fileEncoding = 4; lastKnownFileType = sourcecode.c.objc; path = RZGBitmapFontShaderSettings.m; sourceTree = "<group>"; };
		8AFB265A190D94570022F6D9 /* RZGAssetManager.h */ = {isa = PBXFileReference; fileEncoding = 4; lastKnownFileType = sourcecode.c.h; path = RZGAssetManager.h; sourceTree = "<group>"; };
		8AFB265B190D94570022F6D9 /* RZGAssetManager.m */ = {isa = PBXFileReference; fileEncoding = 4; lastKnownFileType = sourcecode.c.objc; path = RZGAssetManager.m; sourceTree = "<group>"; };
		8AFB265C190D94570022F6D9 /* RZGModelData.c */ = {isa = PBXFileReference; fileEncoding = 4; lastKnownFileType = sourcecode.c.c; path = RZGModelData.c; sourceTree = "<group>"; };
		8AFB265D190D94570022F6D9 /* RZGModelData.h */ = {isa = PBXFileReference; fileEncoding = 4; lastKnownFileType = sourcecode.c.h; path = RZGModelData.h; sourceTree = "<group>"; };
		8AFB265E190D94570022F6D9 /* RZGVaoInfo.h */ = {isa = PBXFileReference; fileEncoding = 4; lastKnownFileType = sourcecode.c.h; path = RZGVaoInfo.h; sourceTree = "<group>"; };
		8AFB265F190D94570022F6D9 /* RZGVaoInfo.m */ = {isa = PBXFileReference; fileEncoding = 4; lastKnownFileType = sourcecode.c.objc; path = RZGVaoInfo.m; sourceTree = "<group>"; };
		8AFB2661190D94570022F6D9 /* RZGCommand.h */ = {isa = PBXFileReference; fileEncoding = 4; lastKnownFileType = sourcecode.c.h; path = RZGCommand.h; sourceTree = "<group>"; };
		8AFB2662190D94570022F6D9 /* RZGCommand.m */ = {isa = PBXFileReference; fileEncoding = 4; lastKnownFileType = sourcecode.c.objc; path = RZGCommand.m; sourceTree = "<group>"; };
		8AFB2663190D94570022F6D9 /* RZGCommandPath.h */ = {isa = PBXFileReference; fileEncoding = 4; lastKnownFileType = sourcecode.c.h; path = RZGCommandPath.h; sourceTree = "<group>"; };
		8AFB2664190D94570022F6D9 /* RZGCommandPath.m */ = {isa = PBXFileReference; fileEncoding = 4; lastKnownFileType = sourcecode.c.objc; path = RZGCommandPath.m; sourceTree = "<group>"; };
		8AFB2666190D94570022F6D9 /* RZGCoreHeaders.h */ = {isa = PBXFileReference; fileEncoding = 4; lastKnownFileType = sourcecode.c.h; path = RZGCoreHeaders.h; sourceTree = "<group>"; };
		8AFB2668190D94570022F6D9 /* RZGModel.h */ = {isa = PBXFileReference; fileEncoding = 4; lastKnownFileType = sourcecode.c.h; path = RZGModel.h; sourceTree = "<group>"; };
		8AFB2669190D94570022F6D9 /* RZGModel.m */ = {isa = PBXFileReference; fileEncoding = 4; lastKnownFileType = sourcecode.c.objc; path = RZGModel.m; sourceTree = "<group>"; };
		8AFB266A190D94570022F6D9 /* RZGModelController.h */ = {isa = PBXFileReference; fileEncoding = 4; lastKnownFileType = sourcecode.c.h; path = RZGModelController.h; sourceTree = "<group>"; };
		8AFB266B190D94570022F6D9 /* RZGModelController.m */ = {isa = PBXFileReference; fileEncoding = 4; lastKnownFileType = sourcecode.c.objc; path = RZGModelController.m; sourceTree = "<group>"; };
		8AFB266D190D94570022F6D9 /* RZGOpenGLManager.h */ = {isa = PBXFileReference; fileEncoding = 4; lastKnownFileType = sourcecode.c.h; path = RZGOpenGLManager.h; sourceTree = "<group>"; };
		8AFB266E190D94570022F6D9 /* RZGOpenGLManager.m */ = {isa = PBXFileReference; fileEncoding = 4; lastKnownFileType = sourcecode.c.objc; path = RZGOpenGLManager.m; sourceTree = "<group>"; };
		8AFB266F190D94570022F6D9 /* RZGPrs.h */ = {isa = PBXFileReference; fileEncoding = 4; lastKnownFileType = sourcecode.c.h; path = RZGPrs.h; sourceTree = "<group>"; };
		8AFB2670190D94570022F6D9 /* RZGPrs.m */ = {isa = PBXFileReference; fileEncoding = 4; lastKnownFileType = sourcecode.c.objc; path = RZGPrs.m; sourceTree = "<group>"; };
		8AFB2672190D94570022F6D9 /* RZGDefaultShaderSettings.h */ = {isa = PBXFileReference; fileEncoding = 4; lastKnownFileType = sourcecode.c.h; path = RZGDefaultShaderSettings.h; sourceTree = "<group>"; };
		8AFB2673190D94570022F6D9 /* RZGDefaultShaderSettings.m */ = {isa = PBXFileReference; fileEncoding = 4; lastKnownFileType = sourcecode.c.objc; path = RZGDefaultShaderSettings.m; sourceTree = "<group>"; };
		8AFB2674190D94570022F6D9 /* RZGShaderManager.h */ = {isa = PBXFileReference; fileEncoding = 4; lastKnownFileType = sourcecode.c.h; path = RZGShaderManager.h; sourceTree = "<group>"; };
		8AFB2675190D94570022F6D9 /* RZGShaderManager.m */ = {isa = PBXFileReference; fileEncoding = 4; lastKnownFileType = sourcecode.c.objc; path = RZGShaderManager.m; sourceTree = "<group>"; };
		8AFB2677190D94570022F6D9 /* RZGDefaultShader.fsh */ = {isa = PBXFileReference; fileEncoding = 4; lastKnownFileType = sourcecode.glsl; path = RZGDefaultShader.fsh; sourceTree = "<group>"; };
		8AFB2678190D94570022F6D9 /* RZGDefaultShader.vsh */ = {isa = PBXFileReference; fileEncoding = 4; lastKnownFileType = sourcecode.glsl; path = RZGDefaultShader.vsh; sourceTree = "<group>"; };
		8AFB267A190D94570022F6D9 /* RZGMathUtils.h */ = {isa = PBXFileReference; fileEncoding = 4; lastKnownFileType = sourcecode.c.h; path = RZGMathUtils.h; sourceTree = "<group>"; };
		8AFB267B190D94570022F6D9 /* RZGMathUtils.m */ = {isa = PBXFileReference; fileEncoding = 4; lastKnownFileType = sourcecode.c.objc; path = RZGMathUtils.m; sourceTree = "<group>"; };
		8AFB267C190D94570022F6D9 /* RZGScreenToGLConverter.h */ = {isa = PBXFileReference; fileEncoding = 4; lastKnownFileType = sourcecode.c.h; path = RZGScreenToGLConverter.h; sourceTree = "<group>"; };
		8AFB267D190D94570022F6D9 /* RZGScreenToGLConverter.m */ = {isa = PBXFileReference; fileEncoding = 4; lastKnownFileType = sourcecode.c.objc; path = RZGScreenToGLConverter.m; sourceTree = "<group>"; };
		8AFB267F190D94570022F6D9 /* RZGViewController.h */ = {isa = PBXFileReference; fileEncoding = 4; lastKnownFileType = sourcecode.c.h; path = RZGViewController.h; sourceTree = "<group>"; };
		8AFB2680190D94570022F6D9 /* RZGViewController.m */ = {isa = PBXFileReference; fileEncoding = 4; lastKnownFileType = sourcecode.c.objc; path = RZGViewController.m; sourceTree = "<group>"; };
		8AFB2697190D94740022F6D9 /* RZGDevDOTViewController.h */ = {isa = PBXFileReference; fileEncoding = 4; lastKnownFileType = sourcecode.c.h; name = RZGDevDOTViewController.h; path = ../RZGDevDOTViewController.h; sourceTree = "<group>"; };
		8AFB2698190D94740022F6D9 /* RZGDevDOTViewController.m */ = {isa = PBXFileReference; fileEncoding = 4; lastKnownFileType = sourcecode.c.objc; name = RZGDevDOTViewController.m; path = ../RZGDevDOTViewController.m; sourceTree = "<group>"; };
		8AFB26A1190D95410022F6D9 /* RZTwitterData.h */ = {isa = PBXFileReference; fileEncoding = 4; lastKnownFileType = sourcecode.c.h; path = RZTwitterData.h; sourceTree = "<group>"; };
		8AFB26A2190D95410022F6D9 /* RZTwitterData.m */ = {isa = PBXFileReference; fileEncoding = 4; lastKnownFileType = sourcecode.c.objc; path = RZTwitterData.m; sourceTree = "<group>"; };
		8AFB26A4190D95550022F6D9 /* RZTweetData.h */ = {isa = PBXFileReference; fileEncoding = 4; lastKnownFileType = sourcecode.c.h; path = RZTweetData.h; sourceTree = "<group>"; };
		8AFB26A5190D95550022F6D9 /* RZTweetData.m */ = {isa = PBXFileReference; fileEncoding = 4; lastKnownFileType = sourcecode.c.objc; path = RZTweetData.m; sourceTree = "<group>"; };
		8AFB26A7190D9C670022F6D9 /* Accounts.framework */ = {isa = PBXFileReference; lastKnownFileType = wrapper.framework; name = Accounts.framework; path = System/Library/Frameworks/Accounts.framework; sourceTree = SDKROOT; };
		8AFB26A9190D9C6D0022F6D9 /* Social.framework */ = {isa = PBXFileReference; lastKnownFileType = wrapper.framework; name = Social.framework; path = System/Library/Frameworks/Social.framework; sourceTree = SDKROOT; };
		8AFB26AF190DADFD0022F6D9 /* whiteHn.fnt */ = {isa = PBXFileReference; fileEncoding = 4; lastKnownFileType = text; path = whiteHn.fnt; sourceTree = "<group>"; };
		8AFB26B0190DADFD0022F6D9 /* whiteHn.png */ = {isa = PBXFileReference; lastKnownFileType = image.png; path = whiteHn.png; sourceTree = "<group>"; };
		8AFB26B3190DAE730022F6D9 /* quad.model */ = {isa = PBXFileReference; lastKnownFileType = file; path = quad.model; sourceTree = "<group>"; };
		8AFB26B8190DB3590022F6D9 /* GLKit.framework */ = {isa = PBXFileReference; lastKnownFileType = wrapper.framework; name = GLKit.framework; path = System/Library/Frameworks/GLKit.framework; sourceTree = SDKROOT; };
		8AFB26BA190DB3680022F6D9 /* OpenGLES.framework */ = {isa = PBXFileReference; lastKnownFileType = wrapper.framework; name = OpenGLES.framework; path = System/Library/Frameworks/OpenGLES.framework; sourceTree = SDKROOT; };
/* End PBXFileReference section */

/* Begin PBXFrameworksBuildPhase section */
		8AFB2613190D94050022F6D9 /* Frameworks */ = {
			isa = PBXFrameworksBuildPhase;
			buildActionMask = 2147483647;
			files = (
				8AFB26BB190DB3680022F6D9 /* OpenGLES.framework in Frameworks */,
				8AFB26AA190D9C6D0022F6D9 /* Social.framework in Frameworks */,
				8AFB26A8190D9C670022F6D9 /* Accounts.framework in Frameworks */,
				8AFB261C190D94050022F6D9 /* CoreGraphics.framework in Frameworks */,
				8AFB261E190D94050022F6D9 /* UIKit.framework in Frameworks */,
				8AFB261A190D94050022F6D9 /* Foundation.framework in Frameworks */,
			);
			runOnlyForDeploymentPostprocessing = 0;
		};
		8AFB262E190D94050022F6D9 /* Frameworks */ = {
			isa = PBXFrameworksBuildPhase;
			buildActionMask = 2147483647;
			files = (
				8AFB2633190D94050022F6D9 /* XCTest.framework in Frameworks */,
				8AFB2635190D94050022F6D9 /* UIKit.framework in Frameworks */,
				8AFB2634190D94050022F6D9 /* Foundation.framework in Frameworks */,
			);
			runOnlyForDeploymentPostprocessing = 0;
		};
/* End PBXFrameworksBuildPhase section */

/* Begin PBXGroup section */
		8AFB260D190D94050022F6D9 = {
			isa = PBXGroup;
			children = (
				8AFB2648190D94570022F6D9 /* RZOpenGLBmFonts */,
				8AFB2658190D94570022F6D9 /* RZOpenGLCore */,
				8AFB261F190D94050022F6D9 /* RZGDevDrinksOnTap */,
				8AFB2638190D94050022F6D9 /* RZGDevDrinksOnTapTests */,
				8AFB2618190D94050022F6D9 /* Frameworks */,
				8AFB2617190D94050022F6D9 /* Products */,
			);
			sourceTree = "<group>";
		};
		8AFB2617190D94050022F6D9 /* Products */ = {
			isa = PBXGroup;
			children = (
				8AFB2616190D94050022F6D9 /* RZGDevDrinksOnTap.app */,
				8AFB2631190D94050022F6D9 /* RZGDevDrinksOnTapTests.xctest */,
			);
			name = Products;
			sourceTree = "<group>";
		};
		8AFB2618190D94050022F6D9 /* Frameworks */ = {
			isa = PBXGroup;
			children = (
				8AFB26BA190DB3680022F6D9 /* OpenGLES.framework */,
				8AFB26B8190DB3590022F6D9 /* GLKit.framework */,
				8AFB26A9190D9C6D0022F6D9 /* Social.framework */,
				8AFB26A7190D9C670022F6D9 /* Accounts.framework */,
				8AFB2619190D94050022F6D9 /* Foundation.framework */,
				8AFB261B190D94050022F6D9 /* CoreGraphics.framework */,
				8AFB261D190D94050022F6D9 /* UIKit.framework */,
				8AFB2632190D94050022F6D9 /* XCTest.framework */,
			);
			name = Frameworks;
			sourceTree = "<group>";
		};
		8AFB261F190D94050022F6D9 /* RZGDevDrinksOnTap */ = {
			isa = PBXGroup;
			children = (
				8A733AC31929835F00578D7F /* dotMarshmellow.model */,
				8A733ABF1929733D00578D7F /* dotImages2.png */,
				8A1E7F71190EFF400066CCFF /* dotRedFont.fnt */,
				8A1E7F72190EFF400066CCFF /* dotRedFont.png */,
				8AFB26B3190DAE730022F6D9 /* quad.model */,
				8AFB26AF190DADFD0022F6D9 /* whiteHn.fnt */,
				8AFB26B0190DADFD0022F6D9 /* whiteHn.png */,
				8AFB269A190D94F20022F6D9 /* Twitter */,
				8AFB2628190D94050022F6D9 /* RZGDevAppDelegate.h */,
				8AFB2629190D94050022F6D9 /* RZGDevAppDelegate.m */,
				8AFB2697190D94740022F6D9 /* RZGDevDOTViewController.h */,
				8AFB2698190D94740022F6D9 /* RZGDevDOTViewController.m */,
				8AFB262B190D94050022F6D9 /* Images.xcassets */,
				8AFB2620190D94050022F6D9 /* Supporting Files */,
			);
			path = RZGDevDrinksOnTap;
			sourceTree = "<group>";
		};
		8AFB2620190D94050022F6D9 /* Supporting Files */ = {
			isa = PBXGroup;
			children = (
				8AFB2621190D94050022F6D9 /* RZGDevDrinksOnTap-Info.plist */,
				8AFB2622190D94050022F6D9 /* InfoPlist.strings */,
				8AFB2625190D94050022F6D9 /* main.m */,
				8AFB2627190D94050022F6D9 /* RZGDevDrinksOnTap-Prefix.pch */,
			);
			name = "Supporting Files";
			sourceTree = "<group>";
		};
		8AFB2638190D94050022F6D9 /* RZGDevDrinksOnTapTests */ = {
			isa = PBXGroup;
			children = (
				8AFB263E190D94050022F6D9 /* RZGDevDrinksOnTapTests.m */,
				8AFB2639190D94050022F6D9 /* Supporting Files */,
			);
			path = RZGDevDrinksOnTapTests;
			sourceTree = "<group>";
		};
		8AFB2639190D94050022F6D9 /* Supporting Files */ = {
			isa = PBXGroup;
			children = (
				8AFB263A190D94050022F6D9 /* RZGDevDrinksOnTapTests-Info.plist */,
				8AFB263B190D94050022F6D9 /* InfoPlist.strings */,
			);
			name = "Supporting Files";
			sourceTree = "<group>";
		};
		8AFB2648190D94570022F6D9 /* RZOpenGLBmFonts */ = {
			isa = PBXGroup;
			children = (
				8AFB2649190D94570022F6D9 /* BM Font Data */,
				8AFB264E190D94570022F6D9 /* BM Font Headers */,
				8AFB2650190D94570022F6D9 /* BM Font Model */,
				8AFB2653190D94570022F6D9 /* BM Font Shaders */,
			);
			name = RZOpenGLBmFonts;
			path = ../../RZOpenGLBmFonts;
			sourceTree = "<group>";
		};
		8AFB2649190D94570022F6D9 /* BM Font Data */ = {
			isa = PBXGroup;
			children = (
				8AFB264A190D94570022F6D9 /* RZGBMFontCharData.h */,
				8AFB264B190D94570022F6D9 /* RZGBMFontCharData.m */,
				8AFB264C190D94570022F6D9 /* RZGBMFontData.h */,
				8AFB264D190D94570022F6D9 /* RZGBMFontData.m */,
			);
			path = "BM Font Data";
			sourceTree = "<group>";
		};
		8AFB264E190D94570022F6D9 /* BM Font Headers */ = {
			isa = PBXGroup;
			children = (
				8AFB264F190D94570022F6D9 /* RZGBMFontHeaders.h */,
			);
			path = "BM Font Headers";
			sourceTree = "<group>";
		};
		8AFB2650190D94570022F6D9 /* BM Font Model */ = {
			isa = PBXGroup;
			children = (
				8AFB2651190D94570022F6D9 /* RZGBMFontModel.h */,
				8AFB2652190D94570022F6D9 /* RZGBMFontModel.m */,
			);
			path = "BM Font Model";
			sourceTree = "<group>";
		};
		8AFB2653190D94570022F6D9 /* BM Font Shaders */ = {
			isa = PBXGroup;
			children = (
				8AFB2654190D94570022F6D9 /* RZGBitmapFont.fsh */,
				8AFB2655190D94570022F6D9 /* RZGBitmapFont.vsh */,
				8AFB2656190D94570022F6D9 /* RZGBitmapFontShaderSettings.h */,
				8AFB2657190D94570022F6D9 /* RZGBitmapFontShaderSettings.m */,
			);
			path = "BM Font Shaders";
			sourceTree = "<group>";
		};
		8AFB2658190D94570022F6D9 /* RZOpenGLCore */ = {
			isa = PBXGroup;
			children = (
				8AFB2659190D94570022F6D9 /* Asset Management */,
				8AFB2660190D94570022F6D9 /* Commands */,
				8AFB2665190D94570022F6D9 /* Headers */,
				8AFB2667190D94570022F6D9 /* Models */,
				8AFB266C190D94570022F6D9 /* OpenGLManagement */,
				8AFB2671190D94570022F6D9 /* ShaderManagement */,
				8AFB2676190D94570022F6D9 /* Shaders */,
				8AFB2679190D94570022F6D9 /* Utilities */,
				8AFB267E190D94570022F6D9 /* ViewControllers */,
			);
			name = RZOpenGLCore;
			path = ../../RZOpenGLCore;
			sourceTree = "<group>";
		};
		8AFB2659190D94570022F6D9 /* Asset Management */ = {
			isa = PBXGroup;
			children = (
				8AFB265A190D94570022F6D9 /* RZGAssetManager.h */,
				8AFB265B190D94570022F6D9 /* RZGAssetManager.m */,
				8AFB265C190D94570022F6D9 /* RZGModelData.c */,
				8AFB265D190D94570022F6D9 /* RZGModelData.h */,
				8AFB265E190D94570022F6D9 /* RZGVaoInfo.h */,
				8AFB265F190D94570022F6D9 /* RZGVaoInfo.m */,
			);
			path = "Asset Management";
			sourceTree = "<group>";
		};
		8AFB2660190D94570022F6D9 /* Commands */ = {
			isa = PBXGroup;
			children = (
				8AFB2661190D94570022F6D9 /* RZGCommand.h */,
				8AFB2662190D94570022F6D9 /* RZGCommand.m */,
				8AFB2663190D94570022F6D9 /* RZGCommandPath.h */,
				8AFB2664190D94570022F6D9 /* RZGCommandPath.m */,
			);
			path = Commands;
			sourceTree = "<group>";
		};
		8AFB2665190D94570022F6D9 /* Headers */ = {
			isa = PBXGroup;
			children = (
				8AFB2666190D94570022F6D9 /* RZGCoreHeaders.h */,
			);
			path = Headers;
			sourceTree = "<group>";
		};
		8AFB2667190D94570022F6D9 /* Models */ = {
			isa = PBXGroup;
			children = (
				8AFB2668190D94570022F6D9 /* RZGModel.h */,
				8AFB2669190D94570022F6D9 /* RZGModel.m */,
				8AFB266A190D94570022F6D9 /* RZGModelController.h */,
				8AFB266B190D94570022F6D9 /* RZGModelController.m */,
			);
			path = Models;
			sourceTree = "<group>";
		};
		8AFB266C190D94570022F6D9 /* OpenGLManagement */ = {
			isa = PBXGroup;
			children = (
				8AFB266D190D94570022F6D9 /* RZGOpenGLManager.h */,
				8AFB266E190D94570022F6D9 /* RZGOpenGLManager.m */,
				8AFB266F190D94570022F6D9 /* RZGPrs.h */,
				8AFB2670190D94570022F6D9 /* RZGPrs.m */,
			);
			path = OpenGLManagement;
			sourceTree = "<group>";
		};
		8AFB2671190D94570022F6D9 /* ShaderManagement */ = {
			isa = PBXGroup;
			children = (
				8AFB2672190D94570022F6D9 /* RZGDefaultShaderSettings.h */,
				8AFB2673190D94570022F6D9 /* RZGDefaultShaderSettings.m */,
				8AFB2674190D94570022F6D9 /* RZGShaderManager.h */,
				8AFB2675190D94570022F6D9 /* RZGShaderManager.m */,
			);
			path = ShaderManagement;
			sourceTree = "<group>";
		};
		8AFB2676190D94570022F6D9 /* Shaders */ = {
			isa = PBXGroup;
			children = (
				8AFB2677190D94570022F6D9 /* RZGDefaultShader.fsh */,
				8AFB2678190D94570022F6D9 /* RZGDefaultShader.vsh */,
			);
			path = Shaders;
			sourceTree = "<group>";
		};
		8AFB2679190D94570022F6D9 /* Utilities */ = {
			isa = PBXGroup;
			children = (
				8AFB267A190D94570022F6D9 /* RZGMathUtils.h */,
				8AFB267B190D94570022F6D9 /* RZGMathUtils.m */,
				8AFB267C190D94570022F6D9 /* RZGScreenToGLConverter.h */,
				8AFB267D190D94570022F6D9 /* RZGScreenToGLConverter.m */,
			);
			path = Utilities;
			sourceTree = "<group>";
		};
		8AFB267E190D94570022F6D9 /* ViewControllers */ = {
			isa = PBXGroup;
			children = (
				8AFB267F190D94570022F6D9 /* RZGViewController.h */,
				8AFB2680190D94570022F6D9 /* RZGViewController.m */,
			);
			path = ViewControllers;
			sourceTree = "<group>";
		};
		8AFB269A190D94F20022F6D9 /* Twitter */ = {
			isa = PBXGroup;
			children = (
				8AFB26A1190D95410022F6D9 /* RZTwitterData.h */,
				8AFB26A2190D95410022F6D9 /* RZTwitterData.m */,
				8AFB26A4190D95550022F6D9 /* RZTweetData.h */,
				8AFB26A5190D95550022F6D9 /* RZTweetData.m */,
			);
			name = Twitter;
			sourceTree = "<group>";
		};
/* End PBXGroup section */

/* Begin PBXNativeTarget section */
		8AFB2615190D94050022F6D9 /* RZGDevDrinksOnTap */ = {
			isa = PBXNativeTarget;
			buildConfigurationList = 8AFB2642190D94050022F6D9 /* Build configuration list for PBXNativeTarget "RZGDevDrinksOnTap" */;
			buildPhases = (
				8AFB2612190D94050022F6D9 /* Sources */,
				8AFB2613190D94050022F6D9 /* Frameworks */,
				8AFB2614190D94050022F6D9 /* Resources */,
			);
			buildRules = (
			);
			dependencies = (
			);
			name = RZGDevDrinksOnTap;
			productName = RZGDevDrinksOnTap;
			productReference = 8AFB2616190D94050022F6D9 /* RZGDevDrinksOnTap.app */;
			productType = "com.apple.product-type.application";
		};
		8AFB2630190D94050022F6D9 /* RZGDevDrinksOnTapTests */ = {
			isa = PBXNativeTarget;
			buildConfigurationList = 8AFB2645190D94050022F6D9 /* Build configuration list for PBXNativeTarget "RZGDevDrinksOnTapTests" */;
			buildPhases = (
				8AFB262D190D94050022F6D9 /* Sources */,
				8AFB262E190D94050022F6D9 /* Frameworks */,
				8AFB262F190D94050022F6D9 /* Resources */,
			);
			buildRules = (
			);
			dependencies = (
				8AFB2637190D94050022F6D9 /* PBXTargetDependency */,
			);
			name = RZGDevDrinksOnTapTests;
			productName = RZGDevDrinksOnTapTests;
			productReference = 8AFB2631190D94050022F6D9 /* RZGDevDrinksOnTapTests.xctest */;
			productType = "com.apple.product-type.bundle.unit-test";
		};
/* End PBXNativeTarget section */

/* Begin PBXProject section */
		8AFB260E190D94050022F6D9 /* Project object */ = {
			isa = PBXProject;
			attributes = {
				CLASSPREFIX = RZGDev;
				LastUpgradeCheck = 0510;
				ORGANIZATIONNAME = Raizlabs;
				TargetAttributes = {
					8AFB2630190D94050022F6D9 = {
						TestTargetID = 8AFB2615190D94050022F6D9;
					};
				};
			};
			buildConfigurationList = 8AFB2611190D94050022F6D9 /* Build configuration list for PBXProject "RZGDevDrinksOnTap" */;
			compatibilityVersion = "Xcode 3.2";
			developmentRegion = English;
			hasScannedForEncodings = 0;
			knownRegions = (
				en,
			);
			mainGroup = 8AFB260D190D94050022F6D9;
			productRefGroup = 8AFB2617190D94050022F6D9 /* Products */;
			projectDirPath = "";
			projectRoot = "";
			targets = (
				8AFB2615190D94050022F6D9 /* RZGDevDrinksOnTap */,
				8AFB2630190D94050022F6D9 /* RZGDevDrinksOnTapTests */,
			);
		};
/* End PBXProject section */

/* Begin PBXResourcesBuildPhase section */
		8AFB2614190D94050022F6D9 /* Resources */ = {
			isa = PBXResourcesBuildPhase;
			buildActionMask = 2147483647;
			files = (
				8AFB26C3190DC9130022F6D9 /* quad.model in Resources */,
				8AFB2624190D94050022F6D9 /* InfoPlist.strings in Resources */,
				8AFB2684190D94570022F6D9 /* RZGBitmapFont.fsh in Resources */,
				8A733AC41929835F00578D7F /* dotMarshmellow.model in Resources */,
				8AFB26B2190DADFD0022F6D9 /* whiteHn.png in Resources */,
				8AFB2693190D94570022F6D9 /* RZGDefaultShader.vsh in Resources */,
				8AFB26B1190DADFD0022F6D9 /* whiteHn.fnt in Resources */,
				8AFB262C190D94050022F6D9 /* Images.xcassets in Resources */,
				8AFB2685190D94570022F6D9 /* RZGBitmapFont.vsh in Resources */,
				8AFB2692190D94570022F6D9 /* RZGDefaultShader.fsh in Resources */,
				8A1E7F74190EFF400066CCFF /* dotRedFont.png in Resources */,
				8A1E7F73190EFF400066CCFF /* dotRedFont.fnt in Resources */,
				8A733AC01929733D00578D7F /* dotImages2.png in Resources */,
			);
			runOnlyForDeploymentPostprocessing = 0;
		};
		8AFB262F190D94050022F6D9 /* Resources */ = {
			isa = PBXResourcesBuildPhase;
			buildActionMask = 2147483647;
			files = (
				8AFB263D190D94050022F6D9 /* InfoPlist.strings in Resources */,
			);
			runOnlyForDeploymentPostprocessing = 0;
		};
/* End PBXResourcesBuildPhase section */

/* Begin PBXSourcesBuildPhase section */
		8AFB2612190D94050022F6D9 /* Sources */ = {
			isa = PBXSourcesBuildPhase;
			buildActionMask = 2147483647;
			files = (
				8AFB262A190D94050022F6D9 /* RZGDevAppDelegate.m in Sources */,
				8AFB268C190D94570022F6D9 /* RZGModel.m in Sources */,
				8AFB2689190D94570022F6D9 /* RZGVaoInfo.m in Sources */,
				8AFB26A3190D95410022F6D9 /* RZTwitterData.m in Sources */,
				8AFB2686190D94570022F6D9 /* RZGBitmapFontShaderSettings.m in Sources */,
				8AFB268A190D94570022F6D9 /* RZGCommand.m in Sources */,
				8AFB2699190D94740022F6D9 /* RZGDevDOTViewController.m in Sources */,
				8AFB2690190D94570022F6D9 /* RZGDefaultShaderSettings.m in Sources */,
				8AFB2683190D94570022F6D9 /* RZGBMFontModel.m in Sources */,
				8AFB2694190D94570022F6D9 /* RZGMathUtils.m in Sources */,
				8AFB268E190D94570022F6D9 /* RZGOpenGLManager.m in Sources */,
				8AFB2687190D94570022F6D9 /* RZGAssetManager.m in Sources */,
				8AFB2691190D94570022F6D9 /* RZGShaderManager.m in Sources */,
				8AFB268B190D94570022F6D9 /* RZGCommandPath.m in Sources */,
				8AFB2682190D94570022F6D9 /* RZGBMFontData.m in Sources */,
				8AFB268F190D94570022F6D9 /* RZGPrs.m in Sources */,
				8AFB2688190D94570022F6D9 /* RZGModelData.c in Sources */,
				8AFB2681190D94570022F6D9 /* RZGBMFontCharData.m in Sources */,
				8AFB2696190D94570022F6D9 /* RZGViewController.m in Sources */,
				8AFB26A6190D95550022F6D9 /* RZTweetData.m in Sources */,
				8AFB2695190D94570022F6D9 /* RZGScreenToGLConverter.m in Sources */,
				8AFB268D190D94570022F6D9 /* RZGModelController.m in Sources */,
				8AFB2626190D94050022F6D9 /* main.m in Sources */,
			);
			runOnlyForDeploymentPostprocessing = 0;
		};
		8AFB262D190D94050022F6D9 /* Sources */ = {
			isa = PBXSourcesBuildPhase;
			buildActionMask = 2147483647;
			files = (
				8AFB263F190D94050022F6D9 /* RZGDevDrinksOnTapTests.m in Sources */,
			);
			runOnlyForDeploymentPostprocessing = 0;
		};
/* End PBXSourcesBuildPhase section */

/* Begin PBXTargetDependency section */
		8AFB2637190D94050022F6D9 /* PBXTargetDependency */ = {
			isa = PBXTargetDependency;
			target = 8AFB2615190D94050022F6D9 /* RZGDevDrinksOnTap */;
			targetProxy = 8AFB2636190D94050022F6D9 /* PBXContainerItemProxy */;
		};
/* End PBXTargetDependency section */

/* Begin PBXVariantGroup section */
		8AFB2622190D94050022F6D9 /* InfoPlist.strings */ = {
			isa = PBXVariantGroup;
			children = (
				8AFB2623190D94050022F6D9 /* en */,
			);
			name = InfoPlist.strings;
			sourceTree = "<group>";
		};
		8AFB263B190D94050022F6D9 /* InfoPlist.strings */ = {
			isa = PBXVariantGroup;
			children = (
				8AFB263C190D94050022F6D9 /* en */,
			);
			name = InfoPlist.strings;
			sourceTree = "<group>";
		};
/* End PBXVariantGroup section */

/* Begin XCBuildConfiguration section */
		8AFB2640190D94050022F6D9 /* Debug */ = {
			isa = XCBuildConfiguration;
			buildSettings = {
				ALWAYS_SEARCH_USER_PATHS = NO;
				CLANG_CXX_LANGUAGE_STANDARD = "gnu++0x";
				CLANG_CXX_LIBRARY = "libc++";
				CLANG_ENABLE_MODULES = YES;
				CLANG_ENABLE_OBJC_ARC = YES;
				CLANG_WARN_BOOL_CONVERSION = YES;
				CLANG_WARN_CONSTANT_CONVERSION = YES;
				CLANG_WARN_DIRECT_OBJC_ISA_USAGE = YES_ERROR;
				CLANG_WARN_EMPTY_BODY = YES;
				CLANG_WARN_ENUM_CONVERSION = YES;
				CLANG_WARN_INT_CONVERSION = YES;
				CLANG_WARN_OBJC_ROOT_CLASS = YES_ERROR;
				CLANG_WARN__DUPLICATE_METHOD_MATCH = YES;
				"CODE_SIGN_IDENTITY[sdk=iphoneos*]" = "iPhone Developer";
				COPY_PHASE_STRIP = NO;
				GCC_C_LANGUAGE_STANDARD = gnu99;
				GCC_DYNAMIC_NO_PIC = NO;
				GCC_OPTIMIZATION_LEVEL = 0;
				GCC_PREPROCESSOR_DEFINITIONS = (
					"DEBUG=1",
					"$(inherited)",
				);
				GCC_SYMBOLS_PRIVATE_EXTERN = NO;
				GCC_WARN_64_TO_32_BIT_CONVERSION = YES;
				GCC_WARN_ABOUT_RETURN_TYPE = YES_ERROR;
				GCC_WARN_UNDECLARED_SELECTOR = YES;
				GCC_WARN_UNINITIALIZED_AUTOS = YES_AGGRESSIVE;
				GCC_WARN_UNUSED_FUNCTION = YES;
				GCC_WARN_UNUSED_VARIABLE = YES;
				IPHONEOS_DEPLOYMENT_TARGET = 7.1;
				ONLY_ACTIVE_ARCH = YES;
				SDKROOT = iphoneos;
				TARGETED_DEVICE_FAMILY = "1,2";
			};
			name = Debug;
		};
		8AFB2641190D94050022F6D9 /* Release */ = {
			isa = XCBuildConfiguration;
			buildSettings = {
				ALWAYS_SEARCH_USER_PATHS = NO;
				CLANG_CXX_LANGUAGE_STANDARD = "gnu++0x";
				CLANG_CXX_LIBRARY = "libc++";
				CLANG_ENABLE_MODULES = YES;
				CLANG_ENABLE_OBJC_ARC = YES;
				CLANG_WARN_BOOL_CONVERSION = YES;
				CLANG_WARN_CONSTANT_CONVERSION = YES;
				CLANG_WARN_DIRECT_OBJC_ISA_USAGE = YES_ERROR;
				CLANG_WARN_EMPTY_BODY = YES;
				CLANG_WARN_ENUM_CONVERSION = YES;
				CLANG_WARN_INT_CONVERSION = YES;
				CLANG_WARN_OBJC_ROOT_CLASS = YES_ERROR;
				CLANG_WARN__DUPLICATE_METHOD_MATCH = YES;
				"CODE_SIGN_IDENTITY[sdk=iphoneos*]" = "iPhone Developer";
				COPY_PHASE_STRIP = YES;
				ENABLE_NS_ASSERTIONS = NO;
				GCC_C_LANGUAGE_STANDARD = gnu99;
				GCC_WARN_64_TO_32_BIT_CONVERSION = YES;
				GCC_WARN_ABOUT_RETURN_TYPE = YES_ERROR;
				GCC_WARN_UNDECLARED_SELECTOR = YES;
				GCC_WARN_UNINITIALIZED_AUTOS = YES_AGGRESSIVE;
				GCC_WARN_UNUSED_FUNCTION = YES;
				GCC_WARN_UNUSED_VARIABLE = YES;
				IPHONEOS_DEPLOYMENT_TARGET = 7.1;
				SDKROOT = iphoneos;
				TARGETED_DEVICE_FAMILY = "1,2";
				VALIDATE_PRODUCT = YES;
			};
			name = Release;
		};
		8AFB2643190D94050022F6D9 /* Debug */ = {
			isa = XCBuildConfiguration;
			buildSettings = {
				ASSETCATALOG_COMPILER_APPICON_NAME = AppIcon;
				ASSETCATALOG_COMPILER_LAUNCHIMAGE_NAME = LaunchImage;
				GCC_PRECOMPILE_PREFIX_HEADER = YES;
				GCC_PREFIX_HEADER = "RZGDevDrinksOnTap/RZGDevDrinksOnTap-Prefix.pch";
				INFOPLIST_FILE = "RZGDevDrinksOnTap/RZGDevDrinksOnTap-Info.plist";
				PRODUCT_NAME = "$(TARGET_NAME)";
				WRAPPER_EXTENSION = app;
			};
			name = Debug;
		};
		8AFB2644190D94050022F6D9 /* Release */ = {
			isa = XCBuildConfiguration;
			buildSettings = {
				ASSETCATALOG_COMPILER_APPICON_NAME = AppIcon;
				ASSETCATALOG_COMPILER_LAUNCHIMAGE_NAME = LaunchImage;
				GCC_PRECOMPILE_PREFIX_HEADER = YES;
				GCC_PREFIX_HEADER = "RZGDevDrinksOnTap/RZGDevDrinksOnTap-Prefix.pch";
				INFOPLIST_FILE = "RZGDevDrinksOnTap/RZGDevDrinksOnTap-Info.plist";
				PRODUCT_NAME = "$(TARGET_NAME)";
				WRAPPER_EXTENSION = app;
			};
			name = Release;
		};
		8AFB2646190D94050022F6D9 /* Debug */ = {
			isa = XCBuildConfiguration;
			buildSettings = {
				BUNDLE_LOADER = "$(BUILT_PRODUCTS_DIR)/RZGDevDrinksOnTap.app/RZGDevDrinksOnTap";
				FRAMEWORK_SEARCH_PATHS = (
					"$(SDKROOT)/Developer/Library/Frameworks",
					"$(inherited)",
					"$(DEVELOPER_FRAMEWORKS_DIR)",
				);
				GCC_PRECOMPILE_PREFIX_HEADER = YES;
				GCC_PREFIX_HEADER = "RZGDevDrinksOnTap/RZGDevDrinksOnTap-Prefix.pch";
				GCC_PREPROCESSOR_DEFINITIONS = (
					"DEBUG=1",
					"$(inherited)",
				);
				INFOPLIST_FILE = "RZGDevDrinksOnTapTests/RZGDevDrinksOnTapTests-Info.plist";
				PRODUCT_NAME = "$(TARGET_NAME)";
				TEST_HOST = "$(BUNDLE_LOADER)";
				WRAPPER_EXTENSION = xctest;
			};
			name = Debug;
		};
		8AFB2647190D94050022F6D9 /* Release */ = {
			isa = XCBuildConfiguration;
			buildSettings = {
				BUNDLE_LOADER = "$(BUILT_PRODUCTS_DIR)/RZGDevDrinksOnTap.app/RZGDevDrinksOnTap";
				FRAMEWORK_SEARCH_PATHS = (
					"$(SDKROOT)/Developer/Library/Frameworks",
					"$(inherited)",
					"$(DEVELOPER_FRAMEWORKS_DIR)",
				);
				GCC_PRECOMPILE_PREFIX_HEADER = YES;
				GCC_PREFIX_HEADER = "RZGDevDrinksOnTap/RZGDevDrinksOnTap-Prefix.pch";
				INFOPLIST_FILE = "RZGDevDrinksOnTapTests/RZGDevDrinksOnTapTests-Info.plist";
				PRODUCT_NAME = "$(TARGET_NAME)";
				TEST_HOST = "$(BUNDLE_LOADER)";
				WRAPPER_EXTENSION = xctest;
			};
			name = Release;
		};
/* End XCBuildConfiguration section */

/* Begin XCConfigurationList section */
		8AFB2611190D94050022F6D9 /* Build configuration list for PBXProject "RZGDevDrinksOnTap" */ = {
			isa = XCConfigurationList;
			buildConfigurations = (
				8AFB2640190D94050022F6D9 /* Debug */,
				8AFB2641190D94050022F6D9 /* Release */,
			);
			defaultConfigurationIsVisible = 0;
			defaultConfigurationName = Release;
		};
		8AFB2642190D94050022F6D9 /* Build configuration list for PBXNativeTarget "RZGDevDrinksOnTap" */ = {
			isa = XCConfigurationList;
			buildConfigurations = (
				8AFB2643190D94050022F6D9 /* Debug */,
				8AFB2644190D94050022F6D9 /* Release */,
			);
			defaultConfigurationIsVisible = 0;
			defaultConfigurationName = Release;
		};
		8AFB2645190D94050022F6D9 /* Build configuration list for PBXNativeTarget "RZGDevDrinksOnTapTests" */ = {
			isa = XCConfigurationList;
			buildConfigurations = (
				8AFB2646190D94050022F6D9 /* Debug */,
				8AFB2647190D94050022F6D9 /* Release */,
			);
			defaultConfigurationIsVisible = 0;
			defaultConfigurationName = Release;
		};
/* End XCConfigurationList section */
	};
	rootObject = 8AFB260E190D94050022F6D9 /* Project object */;
}
