// !$*UTF8*$!
{
	archiveVersion = 1;
	classes = {
	};
	objectVersion = 46;
	objects = {

/* Begin PBXBuildFile section */
		8A08ECC81919729B005DF288 /* Foundation.framework in Frameworks */ = {isa = PBXBuildFile; fileRef = 8A08ECC71919729B005DF288 /* Foundation.framework */; };
		8A08ECCA1919729B005DF288 /* CoreGraphics.framework in Frameworks */ = {isa = PBXBuildFile; fileRef = 8A08ECC91919729B005DF288 /* CoreGraphics.framework */; };
		8A08ECCC1919729B005DF288 /* UIKit.framework in Frameworks */ = {isa = PBXBuildFile; fileRef = 8A08ECCB1919729B005DF288 /* UIKit.framework */; };
		8A08ECD21919729B005DF288 /* InfoPlist.strings in Resources */ = {isa = PBXBuildFile; fileRef = 8A08ECD01919729B005DF288 /* InfoPlist.strings */; };
		8A08ECD41919729B005DF288 /* main.m in Sources */ = {isa = PBXBuildFile; fileRef = 8A08ECD31919729B005DF288 /* main.m */; };
		8A08ECD81919729B005DF288 /* RZGDEVAppDelegate.m in Sources */ = {isa = PBXBuildFile; fileRef = 8A08ECD71919729B005DF288 /* RZGDEVAppDelegate.m */; };
		8A08ECDA1919729B005DF288 /* Images.xcassets in Resources */ = {isa = PBXBuildFile; fileRef = 8A08ECD91919729B005DF288 /* Images.xcassets */; };
		8A08ECE11919729B005DF288 /* XCTest.framework in Frameworks */ = {isa = PBXBuildFile; fileRef = 8A08ECE01919729B005DF288 /* XCTest.framework */; };
		8A08ECE21919729B005DF288 /* Foundation.framework in Frameworks */ = {isa = PBXBuildFile; fileRef = 8A08ECC71919729B005DF288 /* Foundation.framework */; };
		8A08ECE31919729B005DF288 /* UIKit.framework in Frameworks */ = {isa = PBXBuildFile; fileRef = 8A08ECCB1919729B005DF288 /* UIKit.framework */; };
		8A08ECEB1919729B005DF288 /* InfoPlist.strings in Resources */ = {isa = PBXBuildFile; fileRef = 8A08ECE91919729B005DF288 /* InfoPlist.strings */; };
		8A08ECED1919729B005DF288 /* RZGDEVScreenOrientationTests.m in Sources */ = {isa = PBXBuildFile; fileRef = 8A08ECEC1919729B005DF288 /* RZGDEVScreenOrientationTests.m */; };
		8A08ED1F191972B4005DF288 /* RZGAssetManager.m in Sources */ = {isa = PBXBuildFile; fileRef = 8A08ECF9191972B4005DF288 /* RZGAssetManager.m */; };
		8A08ED20191972B4005DF288 /* RZGModelData.c in Sources */ = {isa = PBXBuildFile; fileRef = 8A08ECFA191972B4005DF288 /* RZGModelData.c */; };
		8A08ED21191972B4005DF288 /* RZGVaoInfo.m in Sources */ = {isa = PBXBuildFile; fileRef = 8A08ECFD191972B4005DF288 /* RZGVaoInfo.m */; };
		8A08ED22191972B4005DF288 /* RZGCommand.m in Sources */ = {isa = PBXBuildFile; fileRef = 8A08ED00191972B4005DF288 /* RZGCommand.m */; };
		8A08ED23191972B4005DF288 /* RZGCommandPath.m in Sources */ = {isa = PBXBuildFile; fileRef = 8A08ED02191972B4005DF288 /* RZGCommandPath.m */; };
		8A08ED24191972B4005DF288 /* RZGModel.m in Sources */ = {isa = PBXBuildFile; fileRef = 8A08ED07191972B4005DF288 /* RZGModel.m */; };
		8A08ED25191972B4005DF288 /* RZGModelController.m in Sources */ = {isa = PBXBuildFile; fileRef = 8A08ED09191972B4005DF288 /* RZGModelController.m */; };
		8A08ED26191972B4005DF288 /* RZGOpenGLManager.m in Sources */ = {isa = PBXBuildFile; fileRef = 8A08ED0C191972B4005DF288 /* RZGOpenGLManager.m */; };
		8A08ED27191972B4005DF288 /* RZGPrs.m in Sources */ = {isa = PBXBuildFile; fileRef = 8A08ED0E191972B4005DF288 /* RZGPrs.m */; };
		8A08ED28191972B4005DF288 /* RZGDefaultShaderSettings.m in Sources */ = {isa = PBXBuildFile; fileRef = 8A08ED11191972B4005DF288 /* RZGDefaultShaderSettings.m */; };
		8A08ED29191972B4005DF288 /* RZGShaderManager.m in Sources */ = {isa = PBXBuildFile; fileRef = 8A08ED13191972B4005DF288 /* RZGShaderManager.m */; };
		8A08ED2A191972B4005DF288 /* RZGDefaultShader.fsh in Resources */ = {isa = PBXBuildFile; fileRef = 8A08ED15191972B4005DF288 /* RZGDefaultShader.fsh */; };
		8A08ED2B191972B4005DF288 /* RZGDefaultShader.vsh in Resources */ = {isa = PBXBuildFile; fileRef = 8A08ED16191972B4005DF288 /* RZGDefaultShader.vsh */; };
		8A08ED2C191972B4005DF288 /* RZGMathUtils.m in Sources */ = {isa = PBXBuildFile; fileRef = 8A08ED19191972B4005DF288 /* RZGMathUtils.m */; };
		8A08ED2D191972B4005DF288 /* RZGScreenToGLConverter.m in Sources */ = {isa = PBXBuildFile; fileRef = 8A08ED1B191972B4005DF288 /* RZGScreenToGLConverter.m */; };
		8A08ED2E191972B4005DF288 /* RZGViewController.m in Sources */ = {isa = PBXBuildFile; fileRef = 8A08ED1E191972B4005DF288 /* RZGViewController.m */; };
		8A08ED3019197435005DF288 /* OpenGLES.framework in Frameworks */ = {isa = PBXBuildFile; fileRef = 8A08ED2F19197435005DF288 /* OpenGLES.framework */; };
		8A08ED321919743C005DF288 /* GLKit.framework in Frameworks */ = {isa = PBXBuildFile; fileRef = 8A08ED311919743C005DF288 /* GLKit.framework */; };
		8A08ED3519197457005DF288 /* RZGDEVViewController.m in Sources */ = {isa = PBXBuildFile; fileRef = 8A08ED3419197457005DF288 /* RZGDEVViewController.m */; };
		8A08ED3819197487005DF288 /* cube.model in Resources */ = {isa = PBXBuildFile; fileRef = 8A08ED3619197487005DF288 /* cube.model */; };
		8A08ED3919197487005DF288 /* gridTexture.png in Resources */ = {isa = PBXBuildFile; fileRef = 8A08ED3719197487005DF288 /* gridTexture.png */; };
/* End PBXBuildFile section */

/* Begin PBXContainerItemProxy section */
		8A08ECE41919729B005DF288 /* PBXContainerItemProxy */ = {
			isa = PBXContainerItemProxy;
			containerPortal = 8A08ECBC1919729B005DF288 /* Project object */;
			proxyType = 1;
			remoteGlobalIDString = 8A08ECC31919729B005DF288;
			remoteInfo = RZGDEVScreenOrientation;
		};
/* End PBXContainerItemProxy section */

/* Begin PBXFileReference section */
		8A08ECC41919729B005DF288 /* RZGDEVScreenOrientation.app */ = {isa = PBXFileReference; explicitFileType = wrapper.application; includeInIndex = 0; path = RZGDEVScreenOrientation.app; sourceTree = BUILT_PRODUCTS_DIR; };
		8A08ECC71919729B005DF288 /* Foundation.framework */ = {isa = PBXFileReference; lastKnownFileType = wrapper.framework; name = Foundation.framework; path = System/Library/Frameworks/Foundation.framework; sourceTree = SDKROOT; };
		8A08ECC91919729B005DF288 /* CoreGraphics.framework */ = {isa = PBXFileReference; lastKnownFileType = wrapper.framework; name = CoreGraphics.framework; path = System/Library/Frameworks/CoreGraphics.framework; sourceTree = SDKROOT; };
		8A08ECCB1919729B005DF288 /* UIKit.framework */ = {isa = PBXFileReference; lastKnownFileType = wrapper.framework; name = UIKit.framework; path = System/Library/Frameworks/UIKit.framework; sourceTree = SDKROOT; };
		8A08ECCF1919729B005DF288 /* RZGDEVScreenOrientation-Info.plist */ = {isa = PBXFileReference; lastKnownFileType = text.plist.xml; path = "RZGDEVScreenOrientation-Info.plist"; sourceTree = "<group>"; };
		8A08ECD11919729B005DF288 /* en */ = {isa = PBXFileReference; lastKnownFileType = text.plist.strings; name = en; path = en.lproj/InfoPlist.strings; sourceTree = "<group>"; };
		8A08ECD31919729B005DF288 /* main.m */ = {isa = PBXFileReference; lastKnownFileType = sourcecode.c.objc; path = main.m; sourceTree = "<group>"; };
		8A08ECD51919729B005DF288 /* RZGDEVScreenOrientation-Prefix.pch */ = {isa = PBXFileReference; lastKnownFileType = sourcecode.c.h; path = "RZGDEVScreenOrientation-Prefix.pch"; sourceTree = "<group>"; };
		8A08ECD61919729B005DF288 /* RZGDEVAppDelegate.h */ = {isa = PBXFileReference; lastKnownFileType = sourcecode.c.h; path = RZGDEVAppDelegate.h; sourceTree = "<group>"; };
		8A08ECD71919729B005DF288 /* RZGDEVAppDelegate.m */ = {isa = PBXFileReference; lastKnownFileType = sourcecode.c.objc; path = RZGDEVAppDelegate.m; sourceTree = "<group>"; };
		8A08ECD91919729B005DF288 /* Images.xcassets */ = {isa = PBXFileReference; lastKnownFileType = folder.assetcatalog; path = Images.xcassets; sourceTree = "<group>"; };
		8A08ECDF1919729B005DF288 /* RZGDEVScreenOrientationTests.xctest */ = {isa = PBXFileReference; explicitFileType = wrapper.cfbundle; includeInIndex = 0; path = RZGDEVScreenOrientationTests.xctest; sourceTree = BUILT_PRODUCTS_DIR; };
		8A08ECE01919729B005DF288 /* XCTest.framework */ = {isa = PBXFileReference; lastKnownFileType = wrapper.framework; name = XCTest.framework; path = Library/Frameworks/XCTest.framework; sourceTree = DEVELOPER_DIR; };
		8A08ECE81919729B005DF288 /* RZGDEVScreenOrientationTests-Info.plist */ = {isa = PBXFileReference; lastKnownFileType = text.plist.xml; path = "RZGDEVScreenOrientationTests-Info.plist"; sourceTree = "<group>"; };
		8A08ECEA1919729B005DF288 /* en */ = {isa = PBXFileReference; lastKnownFileType = text.plist.strings; name = en; path = en.lproj/InfoPlist.strings; sourceTree = "<group>"; };
		8A08ECEC1919729B005DF288 /* RZGDEVScreenOrientationTests.m */ = {isa = PBXFileReference; lastKnownFileType = sourcecode.c.objc; path = RZGDEVScreenOrientationTests.m; sourceTree = "<group>"; };
		8A08ECF8191972B4005DF288 /* RZGAssetManager.h */ = {isa = PBXFileReference; fileEncoding = 4; lastKnownFileType = sourcecode.c.h; path = RZGAssetManager.h; sourceTree = "<group>"; };
		8A08ECF9191972B4005DF288 /* RZGAssetManager.m */ = {isa = PBXFileReference; fileEncoding = 4; lastKnownFileType = sourcecode.c.objc; path = RZGAssetManager.m; sourceTree = "<group>"; };
		8A08ECFA191972B4005DF288 /* RZGModelData.c */ = {isa = PBXFileReference; fileEncoding = 4; lastKnownFileType = sourcecode.c.c; path = RZGModelData.c; sourceTree = "<group>"; };
		8A08ECFB191972B4005DF288 /* RZGModelData.h */ = {isa = PBXFileReference; fileEncoding = 4; lastKnownFileType = sourcecode.c.h; path = RZGModelData.h; sourceTree = "<group>"; };
		8A08ECFC191972B4005DF288 /* RZGVaoInfo.h */ = {isa = PBXFileReference; fileEncoding = 4; lastKnownFileType = sourcecode.c.h; path = RZGVaoInfo.h; sourceTree = "<group>"; };
		8A08ECFD191972B4005DF288 /* RZGVaoInfo.m */ = {isa = PBXFileReference; fileEncoding = 4; lastKnownFileType = sourcecode.c.objc; path = RZGVaoInfo.m; sourceTree = "<group>"; };
		8A08ECFF191972B4005DF288 /* RZGCommand.h */ = {isa = PBXFileReference; fileEncoding = 4; lastKnownFileType = sourcecode.c.h; path = RZGCommand.h; sourceTree = "<group>"; };
		8A08ED00191972B4005DF288 /* RZGCommand.m */ = {isa = PBXFileReference; fileEncoding = 4; lastKnownFileType = sourcecode.c.objc; path = RZGCommand.m; sourceTree = "<group>"; };
		8A08ED01191972B4005DF288 /* RZGCommandPath.h */ = {isa = PBXFileReference; fileEncoding = 4; lastKnownFileType = sourcecode.c.h; path = RZGCommandPath.h; sourceTree = "<group>"; };
		8A08ED02191972B4005DF288 /* RZGCommandPath.m */ = {isa = PBXFileReference; fileEncoding = 4; lastKnownFileType = sourcecode.c.objc; path = RZGCommandPath.m; sourceTree = "<group>"; };
		8A08ED04191972B4005DF288 /* RZGCoreHeaders.h */ = {isa = PBXFileReference; fileEncoding = 4; lastKnownFileType = sourcecode.c.h; path = RZGCoreHeaders.h; sourceTree = "<group>"; };
		8A08ED06191972B4005DF288 /* RZGModel.h */ = {isa = PBXFileReference; fileEncoding = 4; lastKnownFileType = sourcecode.c.h; path = RZGModel.h; sourceTree = "<group>"; };
		8A08ED07191972B4005DF288 /* RZGModel.m */ = {isa = PBXFileReference; fileEncoding = 4; lastKnownFileType = sourcecode.c.objc; path = RZGModel.m; sourceTree = "<group>"; };
		8A08ED08191972B4005DF288 /* RZGModelController.h */ = {isa = PBXFileReference; fileEncoding = 4; lastKnownFileType = sourcecode.c.h; path = RZGModelController.h; sourceTree = "<group>"; };
		8A08ED09191972B4005DF288 /* RZGModelController.m */ = {isa = PBXFileReference; fileEncoding = 4; lastKnownFileType = sourcecode.c.objc; path = RZGModelController.m; sourceTree = "<group>"; };
		8A08ED0B191972B4005DF288 /* RZGOpenGLManager.h */ = {isa = PBXFileReference; fileEncoding = 4; lastKnownFileType = sourcecode.c.h; path = RZGOpenGLManager.h; sourceTree = "<group>"; };
		8A08ED0C191972B4005DF288 /* RZGOpenGLManager.m */ = {isa = PBXFileReference; fileEncoding = 4; lastKnownFileType = sourcecode.c.objc; path = RZGOpenGLManager.m; sourceTree = "<group>"; };
		8A08ED0D191972B4005DF288 /* RZGPrs.h */ = {isa = PBXFileReference; fileEncoding = 4; lastKnownFileType = sourcecode.c.h; path = RZGPrs.h; sourceTree = "<group>"; };
		8A08ED0E191972B4005DF288 /* RZGPrs.m */ = {isa = PBXFileReference; fileEncoding = 4; lastKnownFileType = sourcecode.c.objc; path = RZGPrs.m; sourceTree = "<group>"; };
		8A08ED10191972B4005DF288 /* RZGDefaultShaderSettings.h */ = {isa = PBXFileReference; fileEncoding = 4; lastKnownFileType = sourcecode.c.h; path = RZGDefaultShaderSettings.h; sourceTree = "<group>"; };
		8A08ED11191972B4005DF288 /* RZGDefaultShaderSettings.m */ = {isa = PBXFileReference; fileEncoding = 4; lastKnownFileType = sourcecode.c.objc; path = RZGDefaultShaderSettings.m; sourceTree = "<group>"; };
		8A08ED12191972B4005DF288 /* RZGShaderManager.h */ = {isa = PBXFileReference; fileEncoding = 4; lastKnownFileType = sourcecode.c.h; path = RZGShaderManager.h; sourceTree = "<group>"; };
		8A08ED13191972B4005DF288 /* RZGShaderManager.m */ = {isa = PBXFileReference; fileEncoding = 4; lastKnownFileType = sourcecode.c.objc; path = RZGShaderManager.m; sourceTree = "<group>"; };
		8A08ED15191972B4005DF288 /* RZGDefaultShader.fsh */ = {isa = PBXFileReference; fileEncoding = 4; lastKnownFileType = sourcecode.glsl; path = RZGDefaultShader.fsh; sourceTree = "<group>"; };
		8A08ED16191972B4005DF288 /* RZGDefaultShader.vsh */ = {isa = PBXFileReference; fileEncoding = 4; lastKnownFileType = sourcecode.glsl; path = RZGDefaultShader.vsh; sourceTree = "<group>"; };
		8A08ED18191972B4005DF288 /* RZGMathUtils.h */ = {isa = PBXFileReference; fileEncoding = 4; lastKnownFileType = sourcecode.c.h; path = RZGMathUtils.h; sourceTree = "<group>"; };
		8A08ED19191972B4005DF288 /* RZGMathUtils.m */ = {isa = PBXFileReference; fileEncoding = 4; lastKnownFileType = sourcecode.c.objc; path = RZGMathUtils.m; sourceTree = "<group>"; };
		8A08ED1A191972B4005DF288 /* RZGScreenToGLConverter.h */ = {isa = PBXFileReference; fileEncoding = 4; lastKnownFileType = sourcecode.c.h; path = RZGScreenToGLConverter.h; sourceTree = "<group>"; };
		8A08ED1B191972B4005DF288 /* RZGScreenToGLConverter.m */ = {isa = PBXFileReference; fileEncoding = 4; lastKnownFileType = sourcecode.c.objc; path = RZGScreenToGLConverter.m; sourceTree = "<group>"; };
		8A08ED1D191972B4005DF288 /* RZGViewController.h */ = {isa = PBXFileReference; fileEncoding = 4; lastKnownFileType = sourcecode.c.h; path = RZGViewController.h; sourceTree = "<group>"; };
		8A08ED1E191972B4005DF288 /* RZGViewController.m */ = {isa = PBXFileReference; fileEncoding = 4; lastKnownFileType = sourcecode.c.objc; path = RZGViewController.m; sourceTree = "<group>"; };
		8A08ED2F19197435005DF288 /* OpenGLES.framework */ = {isa = PBXFileReference; lastKnownFileType = wrapper.framework; name = OpenGLES.framework; path = System/Library/Frameworks/OpenGLES.framework; sourceTree = SDKROOT; };
		8A08ED311919743C005DF288 /* GLKit.framework */ = {isa = PBXFileReference; lastKnownFileType = wrapper.framework; name = GLKit.framework; path = System/Library/Frameworks/GLKit.framework; sourceTree = SDKROOT; };
		8A08ED3319197457005DF288 /* RZGDEVViewController.h */ = {isa = PBXFileReference; fileEncoding = 4; lastKnownFileType = sourcecode.c.h; path = RZGDEVViewController.h; sourceTree = "<group>"; };
		8A08ED3419197457005DF288 /* RZGDEVViewController.m */ = {isa = PBXFileReference; fileEncoding = 4; lastKnownFileType = sourcecode.c.objc; path = RZGDEVViewController.m; sourceTree = "<group>"; };
		8A08ED3619197487005DF288 /* cube.model */ = {isa = PBXFileReference; lastKnownFileType = file; path = cube.model; sourceTree = "<group>"; };
		8A08ED3719197487005DF288 /* gridTexture.png */ = {isa = PBXFileReference; lastKnownFileType = image.png; path = gridTexture.png; sourceTree = "<group>"; };
/* End PBXFileReference section */

/* Begin PBXFrameworksBuildPhase section */
		8A08ECC11919729B005DF288 /* Frameworks */ = {
			isa = PBXFrameworksBuildPhase;
			buildActionMask = 2147483647;
			files = (
				8A08ED321919743C005DF288 /* GLKit.framework in Frameworks */,
				8A08ED3019197435005DF288 /* OpenGLES.framework in Frameworks */,
				8A08ECCA1919729B005DF288 /* CoreGraphics.framework in Frameworks */,
				8A08ECCC1919729B005DF288 /* UIKit.framework in Frameworks */,
				8A08ECC81919729B005DF288 /* Foundation.framework in Frameworks */,
			);
			runOnlyForDeploymentPostprocessing = 0;
		};
		8A08ECDC1919729B005DF288 /* Frameworks */ = {
			isa = PBXFrameworksBuildPhase;
			buildActionMask = 2147483647;
			files = (
				8A08ECE11919729B005DF288 /* XCTest.framework in Frameworks */,
				8A08ECE31919729B005DF288 /* UIKit.framework in Frameworks */,
				8A08ECE21919729B005DF288 /* Foundation.framework in Frameworks */,
			);
			runOnlyForDeploymentPostprocessing = 0;
		};
/* End PBXFrameworksBuildPhase section */

/* Begin PBXGroup section */
		8A08ECBB1919729B005DF288 = {
			isa = PBXGroup;
			children = (
				8A08ECF6191972B4005DF288 /* RZOpenGLCore */,
				8A08ECCD1919729B005DF288 /* RZGDEVScreenOrientation */,
				8A08ECE61919729B005DF288 /* RZGDEVScreenOrientationTests */,
				8A08ECC61919729B005DF288 /* Frameworks */,
				8A08ECC51919729B005DF288 /* Products */,
			);
			sourceTree = "<group>";
		};
		8A08ECC51919729B005DF288 /* Products */ = {
			isa = PBXGroup;
			children = (
				8A08ECC41919729B005DF288 /* RZGDEVScreenOrientation.app */,
				8A08ECDF1919729B005DF288 /* RZGDEVScreenOrientationTests.xctest */,
			);
			name = Products;
			sourceTree = "<group>";
		};
		8A08ECC61919729B005DF288 /* Frameworks */ = {
			isa = PBXGroup;
			children = (
				8A08ED311919743C005DF288 /* GLKit.framework */,
				8A08ED2F19197435005DF288 /* OpenGLES.framework */,
				8A08ECC71919729B005DF288 /* Foundation.framework */,
				8A08ECC91919729B005DF288 /* CoreGraphics.framework */,
				8A08ECCB1919729B005DF288 /* UIKit.framework */,
				8A08ECE01919729B005DF288 /* XCTest.framework */,
			);
			name = Frameworks;
			sourceTree = "<group>";
		};
		8A08ECCD1919729B005DF288 /* RZGDEVScreenOrientation */ = {
			isa = PBXGroup;
			children = (
				8A08ED3619197487005DF288 /* cube.model */,
				8A08ED3719197487005DF288 /* gridTexture.png */,
				8A08ECD61919729B005DF288 /* RZGDEVAppDelegate.h */,
				8A08ECD71919729B005DF288 /* RZGDEVAppDelegate.m */,
				8A08ED3319197457005DF288 /* RZGDEVViewController.h */,
				8A08ED3419197457005DF288 /* RZGDEVViewController.m */,
				8A08ECD91919729B005DF288 /* Images.xcassets */,
				8A08ECCE1919729B005DF288 /* Supporting Files */,
			);
			path = RZGDEVScreenOrientation;
			sourceTree = "<group>";
		};
		8A08ECCE1919729B005DF288 /* Supporting Files */ = {
			isa = PBXGroup;
			children = (
				8A08ECCF1919729B005DF288 /* RZGDEVScreenOrientation-Info.plist */,
				8A08ECD01919729B005DF288 /* InfoPlist.strings */,
				8A08ECD31919729B005DF288 /* main.m */,
				8A08ECD51919729B005DF288 /* RZGDEVScreenOrientation-Prefix.pch */,
			);
			name = "Supporting Files";
			sourceTree = "<group>";
		};
		8A08ECE61919729B005DF288 /* RZGDEVScreenOrientationTests */ = {
			isa = PBXGroup;
			children = (
				8A08ECEC1919729B005DF288 /* RZGDEVScreenOrientationTests.m */,
				8A08ECE71919729B005DF288 /* Supporting Files */,
			);
			path = RZGDEVScreenOrientationTests;
			sourceTree = "<group>";
		};
		8A08ECE71919729B005DF288 /* Supporting Files */ = {
			isa = PBXGroup;
			children = (
				8A08ECE81919729B005DF288 /* RZGDEVScreenOrientationTests-Info.plist */,
				8A08ECE91919729B005DF288 /* InfoPlist.strings */,
			);
			name = "Supporting Files";
			sourceTree = "<group>";
		};
		8A08ECF6191972B4005DF288 /* RZOpenGLCore */ = {
			isa = PBXGroup;
			children = (
				8A08ECF7191972B4005DF288 /* Asset Management */,
				8A08ECFE191972B4005DF288 /* Commands */,
				8A08ED03191972B4005DF288 /* Headers */,
				8A08ED05191972B4005DF288 /* Models */,
				8A08ED0A191972B4005DF288 /* OpenGLManagement */,
				8A08ED0F191972B4005DF288 /* ShaderManagement */,
				8A08ED14191972B4005DF288 /* Shaders */,
				8A08ED17191972B4005DF288 /* Utilities */,
				8A08ED1C191972B4005DF288 /* ViewControllers */,
			);
			name = RZOpenGLCore;
			path = ../../RZOpenGLCore;
			sourceTree = "<group>";
		};
		8A08ECF7191972B4005DF288 /* Asset Management */ = {
			isa = PBXGroup;
			children = (
				8A08ECF8191972B4005DF288 /* RZGAssetManager.h */,
				8A08ECF9191972B4005DF288 /* RZGAssetManager.m */,
				8A08ECFA191972B4005DF288 /* RZGModelData.c */,
				8A08ECFB191972B4005DF288 /* RZGModelData.h */,
				8A08ECFC191972B4005DF288 /* RZGVaoInfo.h */,
				8A08ECFD191972B4005DF288 /* RZGVaoInfo.m */,
			);
			path = "Asset Management";
			sourceTree = "<group>";
		};
		8A08ECFE191972B4005DF288 /* Commands */ = {
			isa = PBXGroup;
			children = (
				8A08ECFF191972B4005DF288 /* RZGCommand.h */,
				8A08ED00191972B4005DF288 /* RZGCommand.m */,
				8A08ED01191972B4005DF288 /* RZGCommandPath.h */,
				8A08ED02191972B4005DF288 /* RZGCommandPath.m */,
			);
			path = Commands;
			sourceTree = "<group>";
		};
		8A08ED03191972B4005DF288 /* Headers */ = {
			isa = PBXGroup;
			children = (
				8A08ED04191972B4005DF288 /* RZGCoreHeaders.h */,
			);
			path = Headers;
			sourceTree = "<group>";
		};
		8A08ED05191972B4005DF288 /* Models */ = {
			isa = PBXGroup;
			children = (
				8A08ED06191972B4005DF288 /* RZGModel.h */,
				8A08ED07191972B4005DF288 /* RZGModel.m */,
				8A08ED08191972B4005DF288 /* RZGModelController.h */,
				8A08ED09191972B4005DF288 /* RZGModelController.m */,
			);
			path = Models;
			sourceTree = "<group>";
		};
		8A08ED0A191972B4005DF288 /* OpenGLManagement */ = {
			isa = PBXGroup;
			children = (
				8A08ED0B191972B4005DF288 /* RZGOpenGLManager.h */,
				8A08ED0C191972B4005DF288 /* RZGOpenGLManager.m */,
				8A08ED0D191972B4005DF288 /* RZGPrs.h */,
				8A08ED0E191972B4005DF288 /* RZGPrs.m */,
			);
			path = OpenGLManagement;
			sourceTree = "<group>";
		};
		8A08ED0F191972B4005DF288 /* ShaderManagement */ = {
			isa = PBXGroup;
			children = (
				8A08ED10191972B4005DF288 /* RZGDefaultShaderSettings.h */,
				8A08ED11191972B4005DF288 /* RZGDefaultShaderSettings.m */,
				8A08ED12191972B4005DF288 /* RZGShaderManager.h */,
				8A08ED13191972B4005DF288 /* RZGShaderManager.m */,
			);
			path = ShaderManagement;
			sourceTree = "<group>";
		};
		8A08ED14191972B4005DF288 /* Shaders */ = {
			isa = PBXGroup;
			children = (
				8A08ED15191972B4005DF288 /* RZGDefaultShader.fsh */,
				8A08ED16191972B4005DF288 /* RZGDefaultShader.vsh */,
			);
			path = Shaders;
			sourceTree = "<group>";
		};
		8A08ED17191972B4005DF288 /* Utilities */ = {
			isa = PBXGroup;
			children = (
				8A08ED18191972B4005DF288 /* RZGMathUtils.h */,
				8A08ED19191972B4005DF288 /* RZGMathUtils.m */,
				8A08ED1A191972B4005DF288 /* RZGScreenToGLConverter.h */,
				8A08ED1B191972B4005DF288 /* RZGScreenToGLConverter.m */,
			);
			path = Utilities;
			sourceTree = "<group>";
		};
		8A08ED1C191972B4005DF288 /* ViewControllers */ = {
			isa = PBXGroup;
			children = (
				8A08ED1D191972B4005DF288 /* RZGViewController.h */,
				8A08ED1E191972B4005DF288 /* RZGViewController.m */,
			);
			path = ViewControllers;
			sourceTree = "<group>";
		};
/* End PBXGroup section */

/* Begin PBXNativeTarget section */
		8A08ECC31919729B005DF288 /* RZGDEVScreenOrientation */ = {
			isa = PBXNativeTarget;
			buildConfigurationList = 8A08ECF01919729B005DF288 /* Build configuration list for PBXNativeTarget "RZGDEVScreenOrientation" */;
			buildPhases = (
				8A08ECC01919729B005DF288 /* Sources */,
				8A08ECC11919729B005DF288 /* Frameworks */,
				8A08ECC21919729B005DF288 /* Resources */,
			);
			buildRules = (
			);
			dependencies = (
			);
			name = RZGDEVScreenOrientation;
			productName = RZGDEVScreenOrientation;
			productReference = 8A08ECC41919729B005DF288 /* RZGDEVScreenOrientation.app */;
			productType = "com.apple.product-type.application";
		};
		8A08ECDE1919729B005DF288 /* RZGDEVScreenOrientationTests */ = {
			isa = PBXNativeTarget;
			buildConfigurationList = 8A08ECF31919729B005DF288 /* Build configuration list for PBXNativeTarget "RZGDEVScreenOrientationTests" */;
			buildPhases = (
				8A08ECDB1919729B005DF288 /* Sources */,
				8A08ECDC1919729B005DF288 /* Frameworks */,
				8A08ECDD1919729B005DF288 /* Resources */,
			);
			buildRules = (
			);
			dependencies = (
				8A08ECE51919729B005DF288 /* PBXTargetDependency */,
			);
			name = RZGDEVScreenOrientationTests;
			productName = RZGDEVScreenOrientationTests;
			productReference = 8A08ECDF1919729B005DF288 /* RZGDEVScreenOrientationTests.xctest */;
			productType = "com.apple.product-type.bundle.unit-test";
		};
/* End PBXNativeTarget section */

/* Begin PBXProject section */
		8A08ECBC1919729B005DF288 /* Project object */ = {
			isa = PBXProject;
			attributes = {
				CLASSPREFIX = RZGDEV;
				LastUpgradeCheck = 0510;
				ORGANIZATIONNAME = "John Stricker";
				TargetAttributes = {
					8A08ECDE1919729B005DF288 = {
						TestTargetID = 8A08ECC31919729B005DF288;
					};
				};
			};
			buildConfigurationList = 8A08ECBF1919729B005DF288 /* Build configuration list for PBXProject "RZGDEVScreenOrientation" */;
			compatibilityVersion = "Xcode 3.2";
			developmentRegion = English;
			hasScannedForEncodings = 0;
			knownRegions = (
				en,
			);
			mainGroup = 8A08ECBB1919729B005DF288;
			productRefGroup = 8A08ECC51919729B005DF288 /* Products */;
			projectDirPath = "";
			projectRoot = "";
			targets = (
				8A08ECC31919729B005DF288 /* RZGDEVScreenOrientation */,
				8A08ECDE1919729B005DF288 /* RZGDEVScreenOrientationTests */,
			);
		};
/* End PBXProject section */

/* Begin PBXResourcesBuildPhase section */
		8A08ECC21919729B005DF288 /* Resources */ = {
			isa = PBXResourcesBuildPhase;
			buildActionMask = 2147483647;
			files = (
				8A08ED2A191972B4005DF288 /* RZGDefaultShader.fsh in Resources */,
				8A08ED3919197487005DF288 /* gridTexture.png in Resources */,
				8A08ECD21919729B005DF288 /* InfoPlist.strings in Resources */,
				8A08ED3819197487005DF288 /* cube.model in Resources */,
				8A08ED2B191972B4005DF288 /* RZGDefaultShader.vsh in Resources */,
				8A08ECDA1919729B005DF288 /* Images.xcassets in Resources */,
			);
			runOnlyForDeploymentPostprocessing = 0;
		};
		8A08ECDD1919729B005DF288 /* Resources */ = {
			isa = PBXResourcesBuildPhase;
			buildActionMask = 2147483647;
			files = (
				8A08ECEB1919729B005DF288 /* InfoPlist.strings in Resources */,
			);
			runOnlyForDeploymentPostprocessing = 0;
		};
/* End PBXResourcesBuildPhase section */

/* Begin PBXSourcesBuildPhase section */
		8A08ECC01919729B005DF288 /* Sources */ = {
			isa = PBXSourcesBuildPhase;
			buildActionMask = 2147483647;
			files = (
				8A08ED2E191972B4005DF288 /* RZGViewController.m in Sources */,
				8A08ECD81919729B005DF288 /* RZGDEVAppDelegate.m in Sources */,
				8A08ED24191972B4005DF288 /* RZGModel.m in Sources */,
				8A08ED26191972B4005DF288 /* RZGOpenGLManager.m in Sources */,
				8A08ED20191972B4005DF288 /* RZGModelData.c in Sources */,
				8A08ED21191972B4005DF288 /* RZGVaoInfo.m in Sources */,
				8A08ED3519197457005DF288 /* RZGDEVViewController.m in Sources */,
				8A08ED2D191972B4005DF288 /* RZGScreenToGLConverter.m in Sources */,
				8A08ED2C191972B4005DF288 /* RZGMathUtils.m in Sources */,
				8A08ED22191972B4005DF288 /* RZGCommand.m in Sources */,
				8A08ECD41919729B005DF288 /* main.m in Sources */,
				8A08ED25191972B4005DF288 /* RZGModelController.m in Sources */,
				8A08ED29191972B4005DF288 /* RZGShaderManager.m in Sources */,
				8A08ED1F191972B4005DF288 /* RZGAssetManager.m in Sources */,
				8A08ED28191972B4005DF288 /* RZGDefaultShaderSettings.m in Sources */,
				8A08ED27191972B4005DF288 /* RZGPrs.m in Sources */,
				8A08ED23191972B4005DF288 /* RZGCommandPath.m in Sources */,
			);
			runOnlyForDeploymentPostprocessing = 0;
		};
		8A08ECDB1919729B005DF288 /* Sources */ = {
			isa = PBXSourcesBuildPhase;
			buildActionMask = 2147483647;
			files = (
				8A08ECED1919729B005DF288 /* RZGDEVScreenOrientationTests.m in Sources */,
			);
			runOnlyForDeploymentPostprocessing = 0;
		};
/* End PBXSourcesBuildPhase section */

/* Begin PBXTargetDependency section */
		8A08ECE51919729B005DF288 /* PBXTargetDependency */ = {
			isa = PBXTargetDependency;
			target = 8A08ECC31919729B005DF288 /* RZGDEVScreenOrientation */;
			targetProxy = 8A08ECE41919729B005DF288 /* PBXContainerItemProxy */;
		};
/* End PBXTargetDependency section */

/* Begin PBXVariantGroup section */
		8A08ECD01919729B005DF288 /* InfoPlist.strings */ = {
			isa = PBXVariantGroup;
			children = (
				8A08ECD11919729B005DF288 /* en */,
			);
			name = InfoPlist.strings;
			sourceTree = "<group>";
		};
		8A08ECE91919729B005DF288 /* InfoPlist.strings */ = {
			isa = PBXVariantGroup;
			children = (
				8A08ECEA1919729B005DF288 /* en */,
			);
			name = InfoPlist.strings;
			sourceTree = "<group>";
		};
/* End PBXVariantGroup section */

/* Begin XCBuildConfiguration section */
		8A08ECEE1919729B005DF288 /* Debug */ = {
			isa = XCBuildConfiguration;
			buildSettings = {
				ALWAYS_SEARCH_USER_PATHS = NO;
				CLANG_CXX_LANGUAGE_STANDARD = "gnu++0x";
				CLANG_CXX_LIBRARY = "libc++";
				CLANG_ENABLE_MODULES = YES;
				CLANG_ENABLE_OBJC_ARC = YES;
				CLANG_WARN_BOOL_CONVERSION = YES;
				CLANG_WARN_CONSTANT_CONVERSION = YES;
				CLANG_WARN_DIRECT_OBJC_ISA_USAGE = YES_ERROR;
				CLANG_WARN_EMPTY_BODY = YES;
				CLANG_WARN_ENUM_CONVERSION = YES;
				CLANG_WARN_INT_CONVERSION = YES;
				CLANG_WARN_OBJC_ROOT_CLASS = YES_ERROR;
				CLANG_WARN__DUPLICATE_METHOD_MATCH = YES;
				"CODE_SIGN_IDENTITY[sdk=iphoneos*]" = "iPhone Developer";
				COPY_PHASE_STRIP = NO;
				GCC_C_LANGUAGE_STANDARD = gnu99;
				GCC_DYNAMIC_NO_PIC = NO;
				GCC_OPTIMIZATION_LEVEL = 0;
				GCC_PREPROCESSOR_DEFINITIONS = (
					"DEBUG=1",
					"$(inherited)",
				);
				GCC_SYMBOLS_PRIVATE_EXTERN = NO;
				GCC_WARN_64_TO_32_BIT_CONVERSION = YES;
				GCC_WARN_ABOUT_RETURN_TYPE = YES_ERROR;
				GCC_WARN_UNDECLARED_SELECTOR = YES;
				GCC_WARN_UNINITIALIZED_AUTOS = YES_AGGRESSIVE;
				GCC_WARN_UNUSED_FUNCTION = YES;
				GCC_WARN_UNUSED_VARIABLE = YES;
				IPHONEOS_DEPLOYMENT_TARGET = 7.1;
				ONLY_ACTIVE_ARCH = YES;
				SDKROOT = iphoneos;
			};
			name = Debug;
		};
		8A08ECEF1919729B005DF288 /* Release */ = {
			isa = XCBuildConfiguration;
			buildSettings = {
				ALWAYS_SEARCH_USER_PATHS = NO;
				CLANG_CXX_LANGUAGE_STANDARD = "gnu++0x";
				CLANG_CXX_LIBRARY = "libc++";
				CLANG_ENABLE_MODULES = YES;
				CLANG_ENABLE_OBJC_ARC = YES;
				CLANG_WARN_BOOL_CONVERSION = YES;
				CLANG_WARN_CONSTANT_CONVERSION = YES;
				CLANG_WARN_DIRECT_OBJC_ISA_USAGE = YES_ERROR;
				CLANG_WARN_EMPTY_BODY = YES;
				CLANG_WARN_ENUM_CONVERSION = YES;
				CLANG_WARN_INT_CONVERSION = YES;
				CLANG_WARN_OBJC_ROOT_CLASS = YES_ERROR;
				CLANG_WARN__DUPLICATE_METHOD_MATCH = YES;
				"CODE_SIGN_IDENTITY[sdk=iphoneos*]" = "iPhone Developer";
				COPY_PHASE_STRIP = YES;
				ENABLE_NS_ASSERTIONS = NO;
				GCC_C_LANGUAGE_STANDARD = gnu99;
				GCC_WARN_64_TO_32_BIT_CONVERSION = YES;
				GCC_WARN_ABOUT_RETURN_TYPE = YES_ERROR;
				GCC_WARN_UNDECLARED_SELECTOR = YES;
				GCC_WARN_UNINITIALIZED_AUTOS = YES_AGGRESSIVE;
				GCC_WARN_UNUSED_FUNCTION = YES;
				GCC_WARN_UNUSED_VARIABLE = YES;
				IPHONEOS_DEPLOYMENT_TARGET = 7.1;
				SDKROOT = iphoneos;
				VALIDATE_PRODUCT = YES;
			};
			name = Release;
		};
		8A08ECF11919729B005DF288 /* Debug */ = {
			isa = XCBuildConfiguration;
			buildSettings = {
				ASSETCATALOG_COMPILER_APPICON_NAME = AppIcon;
				ASSETCATALOG_COMPILER_LAUNCHIMAGE_NAME = LaunchImage;
				GCC_PRECOMPILE_PREFIX_HEADER = YES;
				GCC_PREFIX_HEADER = "RZGDEVScreenOrientation/RZGDEVScreenOrientation-Prefix.pch";
				INFOPLIST_FILE = "RZGDEVScreenOrientation/RZGDEVScreenOrientation-Info.plist";
				PRODUCT_NAME = "$(TARGET_NAME)";
				WRAPPER_EXTENSION = app;
			};
			name = Debug;
		};
		8A08ECF21919729B005DF288 /* Release */ = {
			isa = XCBuildConfiguration;
			buildSettings = {
				ASSETCATALOG_COMPILER_APPICON_NAME = AppIcon;
				ASSETCATALOG_COMPILER_LAUNCHIMAGE_NAME = LaunchImage;
				GCC_PRECOMPILE_PREFIX_HEADER = YES;
				GCC_PREFIX_HEADER = "RZGDEVScreenOrientation/RZGDEVScreenOrientation-Prefix.pch";
				INFOPLIST_FILE = "RZGDEVScreenOrientation/RZGDEVScreenOrientation-Info.plist";
				PRODUCT_NAME = "$(TARGET_NAME)";
				WRAPPER_EXTENSION = app;
			};
			name = Release;
		};
		8A08ECF41919729B005DF288 /* Debug */ = {
			isa = XCBuildConfiguration;
			buildSettings = {
				BUNDLE_LOADER = "$(BUILT_PRODUCTS_DIR)/RZGDEVScreenOrientation.app/RZGDEVScreenOrientation";
				FRAMEWORK_SEARCH_PATHS = (
					"$(SDKROOT)/Developer/Library/Frameworks",
					"$(inherited)",
					"$(DEVELOPER_FRAMEWORKS_DIR)",
				);
				GCC_PRECOMPILE_PREFIX_HEADER = YES;
				GCC_PREFIX_HEADER = "RZGDEVScreenOrientation/RZGDEVScreenOrientation-Prefix.pch";
				GCC_PREPROCESSOR_DEFINITIONS = (
					"DEBUG=1",
					"$(inherited)",
				);
				INFOPLIST_FILE = "RZGDEVScreenOrientationTests/RZGDEVScreenOrientationTests-Info.plist";
				PRODUCT_NAME = "$(TARGET_NAME)";
				TEST_HOST = "$(BUNDLE_LOADER)";
				WRAPPER_EXTENSION = xctest;
			};
			name = Debug;
		};
		8A08ECF51919729B005DF288 /* Release */ = {
			isa = XCBuildConfiguration;
			buildSettings = {
				BUNDLE_LOADER = "$(BUILT_PRODUCTS_DIR)/RZGDEVScreenOrientation.app/RZGDEVScreenOrientation";
				FRAMEWORK_SEARCH_PATHS = (
					"$(SDKROOT)/Developer/Library/Frameworks",
					"$(inherited)",
					"$(DEVELOPER_FRAMEWORKS_DIR)",
				);
				GCC_PRECOMPILE_PREFIX_HEADER = YES;
				GCC_PREFIX_HEADER = "RZGDEVScreenOrientation/RZGDEVScreenOrientation-Prefix.pch";
				INFOPLIST_FILE = "RZGDEVScreenOrientationTests/RZGDEVScreenOrientationTests-Info.plist";
				PRODUCT_NAME = "$(TARGET_NAME)";
				TEST_HOST = "$(BUNDLE_LOADER)";
				WRAPPER_EXTENSION = xctest;
			};
			name = Release;
		};
/* End XCBuildConfiguration section */

/* Begin XCConfigurationList section */
		8A08ECBF1919729B005DF288 /* Build configuration list for PBXProject "RZGDEVScreenOrientation" */ = {
			isa = XCConfigurationList;
			buildConfigurations = (
				8A08ECEE1919729B005DF288 /* Debug */,
				8A08ECEF1919729B005DF288 /* Release */,
			);
			defaultConfigurationIsVisible = 0;
			defaultConfigurationName = Release;
		};
		8A08ECF01919729B005DF288 /* Build configuration list for PBXNativeTarget "RZGDEVScreenOrientation" */ = {
			isa = XCConfigurationList;
			buildConfigurations = (
				8A08ECF11919729B005DF288 /* Debug */,
				8A08ECF21919729B005DF288 /* Release */,
			);
			defaultConfigurationIsVisible = 0;
		};
		8A08ECF31919729B005DF288 /* Build configuration list for PBXNativeTarget "RZGDEVScreenOrientationTests" */ = {
			isa = XCConfigurationList;
			buildConfigurations = (
				8A08ECF41919729B005DF288 /* Debug */,
				8A08ECF51919729B005DF288 /* Release */,
			);
			defaultConfigurationIsVisible = 0;
		};
/* End XCConfigurationList section */
	};
	rootObject = 8A08ECBC1919729B005DF288 /* Project object */;
}
